// !$*UTF8*$!
{
	archiveVersion = 1;
	classes = {
	};
	objectVersion = 55;
	objects = {

/* Begin PBXBuildFile section */
		2737200429EEBCED00024843 /* CardinalKitFHIR in Frameworks */ = {isa = PBXBuildFile; productRef = 2737200329EEBCED00024843 /* CardinalKitFHIR */; };
		2737200629EEBCED00024843 /* CardinalKitFHIRMockDataStorageProvider in Frameworks */ = {isa = PBXBuildFile; productRef = 2737200529EEBCED00024843 /* CardinalKitFHIRMockDataStorageProvider */; };
		2737200929EEBD2800024843 /* CardinalKitFHIRToFirestoreAdapter in Frameworks */ = {isa = PBXBuildFile; productRef = 2737200829EEBD2800024843 /* CardinalKitFHIRToFirestoreAdapter */; };
		2737200C29EEBE4300024843 /* CardinalKitHealthKit in Frameworks */ = {isa = PBXBuildFile; productRef = 2737200B29EEBE4300024843 /* CardinalKitHealthKit */; };
		2737200F29EEBE6D00024843 /* CardinalKitHealthKitToFHIRAdapter in Frameworks */ = {isa = PBXBuildFile; productRef = 2737200E29EEBE6D00024843 /* CardinalKitHealthKitToFHIRAdapter */; };
		2737201229EEC0DE00024843 /* CardinalKitAccount in Frameworks */ = {isa = PBXBuildFile; productRef = 2737201129EEC0DE00024843 /* CardinalKitAccount */; };
		2737201529EEC16400024843 /* CardinalKitOnboarding in Frameworks */ = {isa = PBXBuildFile; productRef = 2737201429EEC16400024843 /* CardinalKitOnboarding */; };
		2739EE4B29EF8F5100E73C0F /* TemplateApplicationTests.swift in Sources */ = {isa = PBXBuildFile; fileRef = 2739EE4A29EF8F5100E73C0F /* TemplateApplicationTests.swift */; };
		2739EE5929EF8F6C00E73C0F /* TemplateApplicationUITests.swift in Sources */ = {isa = PBXBuildFile; fileRef = 2739EE5829EF8F6C00E73C0F /* TemplateApplicationUITests.swift */; };
		2739EE5B29EF8F6C00E73C0F /* TemplateApplicationUITestsLaunchTests.swift in Sources */ = {isa = PBXBuildFile; fileRef = 2739EE5A29EF8F6C00E73C0F /* TemplateApplicationUITestsLaunchTests.swift */; };
		275DEFC529EEC5230079D453 /* CardinalKitFirebaseAccount in Frameworks */ = {isa = PBXBuildFile; productRef = 275DEFC429EEC5230079D453 /* CardinalKitFirebaseAccount */; };
		275DEFC729EEC5230079D453 /* CardinalKitFirebaseConfiguration in Frameworks */ = {isa = PBXBuildFile; productRef = 275DEFC629EEC5230079D453 /* CardinalKitFirebaseConfiguration */; };
		275DEFC929EEC5230079D453 /* CardinalKitFirestore in Frameworks */ = {isa = PBXBuildFile; productRef = 275DEFC829EEC5230079D453 /* CardinalKitFirestore */; };
		275DEFCB29EEC5230079D453 /* CardinalKitFirestorePrefixUserIdAdapter in Frameworks */ = {isa = PBXBuildFile; productRef = 275DEFCA29EEC5230079D453 /* CardinalKitFirestorePrefixUserIdAdapter */; };
		275DEFCE29EEC5AD0079D453 /* StorageKeys.swift in Sources */ = {isa = PBXBuildFile; fileRef = 275DEFCD29EEC5AD0079D453 /* StorageKeys.swift */; };
		275DEFD029EEC5D20079D453 /* FeatureFlags.swift in Sources */ = {isa = PBXBuildFile; fileRef = 275DEFCF29EEC5D20079D453 /* FeatureFlags.swift */; };
		275DEFD329EEC66C0079D453 /* Consent.swift in Sources */ = {isa = PBXBuildFile; fileRef = 275DEFD229EEC66C0079D453 /* Consent.swift */; };
		275DEFD529EEC6870079D453 /* HealthKitPermissions.swift in Sources */ = {isa = PBXBuildFile; fileRef = 275DEFD429EEC6870079D453 /* HealthKitPermissions.swift */; };
		275DEFD729EEC6A60079D453 /* InterestingModules.swift in Sources */ = {isa = PBXBuildFile; fileRef = 275DEFD629EEC6A60079D453 /* InterestingModules.swift */; };
		275DEFD929EEC6B80079D453 /* OnboardingFlow.swift in Sources */ = {isa = PBXBuildFile; fileRef = 275DEFD829EEC6B80079D453 /* OnboardingFlow.swift */; };
		275DEFDB29EEC6CA0079D453 /* String+ModuleLocalized.swift in Sources */ = {isa = PBXBuildFile; fileRef = 275DEFDA29EEC6CA0079D453 /* String+ModuleLocalized.swift */; };
		275DEFDD29EEC6DC0079D453 /* Welcome.swift in Sources */ = {isa = PBXBuildFile; fileRef = 275DEFDC29EEC6DC0079D453 /* Welcome.swift */; };
		275DEFE029EEC6F20079D453 /* IconView.swift in Sources */ = {isa = PBXBuildFile; fileRef = 275DEFDF29EEC6F20079D453 /* IconView.swift */; };
		275DEFE229EEC7030079D453 /* TemplateSignUp.swift in Sources */ = {isa = PBXBuildFile; fileRef = 275DEFE129EEC7030079D453 /* TemplateSignUp.swift */; };
		275DEFE429EEC70E0079D453 /* UserView.swift in Sources */ = {isa = PBXBuildFile; fileRef = 275DEFE329EEC70E0079D453 /* UserView.swift */; };
		275DEFE629EEC71E0079D453 /* AccountSetup.swift in Sources */ = {isa = PBXBuildFile; fileRef = 275DEFE529EEC71E0079D453 /* AccountSetup.swift */; };
		275DEFE829EEC72E0079D453 /* TemplateLogin.swift in Sources */ = {isa = PBXBuildFile; fileRef = 275DEFE729EEC72E0079D453 /* TemplateLogin.swift */; };
		275DEFED29EEC9150079D453 /* AppIcon.png in Resources */ = {isa = PBXBuildFile; fileRef = 275DEFEC29EEC9150079D453 /* AppIcon.png */; };
		275DEFF029EEC9ED0079D453 /* Bundle+Image.swift in Sources */ = {isa = PBXBuildFile; fileRef = 275DEFEF29EEC9ED0079D453 /* Bundle+Image.swift */; };
		275DEFF229EECA030079D453 /* Binding+Negate.swift in Sources */ = {isa = PBXBuildFile; fileRef = 275DEFF129EECA030079D453 /* Binding+Negate.swift */; };
		275DEFF429EECA180079D453 /* CodableArray+RawRepresentable.swift in Sources */ = {isa = PBXBuildFile; fileRef = 275DEFF329EECA170079D453 /* CodableArray+RawRepresentable.swift */; };
		2F49B7762980407C00BCB272 /* CardinalKit in Frameworks */ = {isa = PBXBuildFile; productRef = 2F49B7752980407B00BCB272 /* CardinalKit */; };
		2F4E23832989D51F0013F3D9 /* TemplateAppTestingSetup.swift in Sources */ = {isa = PBXBuildFile; fileRef = 2F4E23822989D51F0013F3D9 /* TemplateAppTestingSetup.swift */; };
		2F5E32BD297E05EA003432F8 /* TemplateAppDelegate.swift in Sources */ = {isa = PBXBuildFile; fileRef = 2F5E32BC297E05EA003432F8 /* TemplateAppDelegate.swift */; };
		2F6025CB29BBE70F0045459E /* GoogleService-Info.plist in Resources */ = {isa = PBXBuildFile; fileRef = 2F6025CA29BBE70F0045459E /* GoogleService-Info.plist */; };
		2FC9759F2978E39600BA99FE /* Localizable.strings in Resources */ = {isa = PBXBuildFile; fileRef = 2FC9759E2978E39600BA99FE /* Localizable.strings */; };
		2FC975A82978F11A00BA99FE /* Home.swift in Sources */ = {isa = PBXBuildFile; fileRef = 2FC975A72978F11A00BA99FE /* Home.swift */; };
		653A2551283387FE005D4D48 /* TemplateApplication.swift in Sources */ = {isa = PBXBuildFile; fileRef = 653A2550283387FE005D4D48 /* TemplateApplication.swift */; };
		653A255528338800005D4D48 /* Assets.xcassets in Resources */ = {isa = PBXBuildFile; fileRef = 653A255428338800005D4D48 /* Assets.xcassets */; };
		E21D86A029EDB17500490C26 /* HealthDataFetcher.swift in Sources */ = {isa = PBXBuildFile; fileRef = E21D869F29EDB17500490C26 /* HealthDataFetcher.swift */; };
		E21D86A429EDB21B00490C26 /* MessageInputView.swift in Sources */ = {isa = PBXBuildFile; fileRef = E21D86A329EDB21B00490C26 /* MessageInputView.swift */; };
		E22B62EF29E8CE1E008F3484 /* HealthGPTView.swift in Sources */ = {isa = PBXBuildFile; fileRef = E22B62EE29E8CE1E008F3484 /* HealthGPTView.swift */; };
		E26542A529E8D7A100094BAD /* OpenAI in Frameworks */ = {isa = PBXBuildFile; productRef = E26542A429E8D7A100094BAD /* OpenAI */; };
/* End PBXBuildFile section */

/* Begin PBXContainerItemProxy section */
		2739EE4C29EF8F5100E73C0F /* PBXContainerItemProxy */ = {
			isa = PBXContainerItemProxy;
			containerPortal = 653A2545283387FE005D4D48 /* Project object */;
			proxyType = 1;
			remoteGlobalIDString = 653A254C283387FE005D4D48;
			remoteInfo = HealthGPT;
		};
		2739EE5C29EF8F6C00E73C0F /* PBXContainerItemProxy */ = {
			isa = PBXContainerItemProxy;
			containerPortal = 653A2545283387FE005D4D48 /* Project object */;
			proxyType = 1;
			remoteGlobalIDString = 653A254C283387FE005D4D48;
			remoteInfo = HealthGPT;
		};
/* End PBXContainerItemProxy section */

/* Begin PBXFileReference section */
		2739EE4829EF8F5100E73C0F /* TemplateApplicationTests.xctest */ = {isa = PBXFileReference; explicitFileType = wrapper.cfbundle; includeInIndex = 0; path = TemplateApplicationTests.xctest; sourceTree = BUILT_PRODUCTS_DIR; };
		2739EE4A29EF8F5100E73C0F /* TemplateApplicationTests.swift */ = {isa = PBXFileReference; lastKnownFileType = sourcecode.swift; path = TemplateApplicationTests.swift; sourceTree = "<group>"; };
		2739EE5629EF8F6C00E73C0F /* TemplateApplicationUITests.xctest */ = {isa = PBXFileReference; explicitFileType = wrapper.cfbundle; includeInIndex = 0; path = TemplateApplicationUITests.xctest; sourceTree = BUILT_PRODUCTS_DIR; };
		2739EE5829EF8F6C00E73C0F /* TemplateApplicationUITests.swift */ = {isa = PBXFileReference; lastKnownFileType = sourcecode.swift; path = TemplateApplicationUITests.swift; sourceTree = "<group>"; };
		2739EE5A29EF8F6C00E73C0F /* TemplateApplicationUITestsLaunchTests.swift */ = {isa = PBXFileReference; lastKnownFileType = sourcecode.swift; path = TemplateApplicationUITestsLaunchTests.swift; sourceTree = "<group>"; };
		275DEFCD29EEC5AD0079D453 /* StorageKeys.swift */ = {isa = PBXFileReference; lastKnownFileType = sourcecode.swift; path = StorageKeys.swift; sourceTree = "<group>"; };
		275DEFCF29EEC5D20079D453 /* FeatureFlags.swift */ = {isa = PBXFileReference; lastKnownFileType = sourcecode.swift; path = FeatureFlags.swift; sourceTree = "<group>"; };
		275DEFD229EEC66C0079D453 /* Consent.swift */ = {isa = PBXFileReference; lastKnownFileType = sourcecode.swift; path = Consent.swift; sourceTree = "<group>"; };
		275DEFD429EEC6870079D453 /* HealthKitPermissions.swift */ = {isa = PBXFileReference; lastKnownFileType = sourcecode.swift; path = HealthKitPermissions.swift; sourceTree = "<group>"; };
		275DEFD629EEC6A60079D453 /* InterestingModules.swift */ = {isa = PBXFileReference; lastKnownFileType = sourcecode.swift; path = InterestingModules.swift; sourceTree = "<group>"; };
		275DEFD829EEC6B80079D453 /* OnboardingFlow.swift */ = {isa = PBXFileReference; lastKnownFileType = sourcecode.swift; path = OnboardingFlow.swift; sourceTree = "<group>"; };
		275DEFDA29EEC6CA0079D453 /* String+ModuleLocalized.swift */ = {isa = PBXFileReference; lastKnownFileType = sourcecode.swift; path = "String+ModuleLocalized.swift"; sourceTree = "<group>"; };
		275DEFDC29EEC6DC0079D453 /* Welcome.swift */ = {isa = PBXFileReference; lastKnownFileType = sourcecode.swift; path = Welcome.swift; sourceTree = "<group>"; };
		275DEFDF29EEC6F20079D453 /* IconView.swift */ = {isa = PBXFileReference; lastKnownFileType = sourcecode.swift; path = IconView.swift; sourceTree = "<group>"; };
		275DEFE129EEC7030079D453 /* TemplateSignUp.swift */ = {isa = PBXFileReference; lastKnownFileType = sourcecode.swift; path = TemplateSignUp.swift; sourceTree = "<group>"; };
		275DEFE329EEC70E0079D453 /* UserView.swift */ = {isa = PBXFileReference; lastKnownFileType = sourcecode.swift; path = UserView.swift; sourceTree = "<group>"; };
		275DEFE529EEC71E0079D453 /* AccountSetup.swift */ = {isa = PBXFileReference; lastKnownFileType = sourcecode.swift; path = AccountSetup.swift; sourceTree = "<group>"; };
		275DEFE729EEC72E0079D453 /* TemplateLogin.swift */ = {isa = PBXFileReference; lastKnownFileType = sourcecode.swift; path = TemplateLogin.swift; sourceTree = "<group>"; };
		275DEFEC29EEC9150079D453 /* AppIcon.png */ = {isa = PBXFileReference; lastKnownFileType = image.png; path = AppIcon.png; sourceTree = "<group>"; };
		275DEFEF29EEC9ED0079D453 /* Bundle+Image.swift */ = {isa = PBXFileReference; lastKnownFileType = sourcecode.swift; path = "Bundle+Image.swift"; sourceTree = "<group>"; };
		275DEFF129EECA030079D453 /* Binding+Negate.swift */ = {isa = PBXFileReference; lastKnownFileType = sourcecode.swift; path = "Binding+Negate.swift"; sourceTree = "<group>"; };
		275DEFF329EECA170079D453 /* CodableArray+RawRepresentable.swift */ = {isa = PBXFileReference; lastKnownFileType = sourcecode.swift; path = "CodableArray+RawRepresentable.swift"; sourceTree = "<group>"; };
		2F4E23822989D51F0013F3D9 /* TemplateAppTestingSetup.swift */ = {isa = PBXFileReference; lastKnownFileType = sourcecode.swift; path = TemplateAppTestingSetup.swift; sourceTree = "<group>"; };
		2F5E32BC297E05EA003432F8 /* TemplateAppDelegate.swift */ = {isa = PBXFileReference; lastKnownFileType = sourcecode.swift; path = TemplateAppDelegate.swift; sourceTree = "<group>"; };
		2F6025CA29BBE70F0045459E /* GoogleService-Info.plist */ = {isa = PBXFileReference; fileEncoding = 4; lastKnownFileType = text.plist.xml; path = "GoogleService-Info.plist"; sourceTree = "<group>"; };
		2FAEC07F297F583900C11C42 /* TemplateApplication.entitlements */ = {isa = PBXFileReference; lastKnownFileType = text.plist.entitlements; path = TemplateApplication.entitlements; sourceTree = "<group>"; };
		2FC94CD4298B0A1D009C8209 /* TemplateApplication.xctestplan */ = {isa = PBXFileReference; lastKnownFileType = text; path = TemplateApplication.xctestplan; sourceTree = "<group>"; };
		2FC9759E2978E39600BA99FE /* Localizable.strings */ = {isa = PBXFileReference; lastKnownFileType = text.plist.strings; path = Localizable.strings; sourceTree = "<group>"; };
		2FC975A72978F11A00BA99FE /* Home.swift */ = {isa = PBXFileReference; lastKnownFileType = sourcecode.swift; path = Home.swift; sourceTree = "<group>"; };
		653A254D283387FE005D4D48 /* HealthGPT.app */ = {isa = PBXFileReference; explicitFileType = wrapper.application; includeInIndex = 0; path = HealthGPT.app; sourceTree = BUILT_PRODUCTS_DIR; };
		653A2550283387FE005D4D48 /* TemplateApplication.swift */ = {isa = PBXFileReference; lastKnownFileType = sourcecode.swift; path = TemplateApplication.swift; sourceTree = "<group>"; };
		653A255428338800005D4D48 /* Assets.xcassets */ = {isa = PBXFileReference; lastKnownFileType = folder.assetcatalog; path = Assets.xcassets; sourceTree = "<group>"; };
		653A258928339462005D4D48 /* Info.plist */ = {isa = PBXFileReference; lastKnownFileType = text.plist.xml; path = Info.plist; sourceTree = "<group>"; };
		E21D869F29EDB17500490C26 /* HealthDataFetcher.swift */ = {isa = PBXFileReference; lastKnownFileType = sourcecode.swift; path = HealthDataFetcher.swift; sourceTree = "<group>"; };
		E21D86A329EDB21B00490C26 /* MessageInputView.swift */ = {isa = PBXFileReference; lastKnownFileType = sourcecode.swift; path = MessageInputView.swift; sourceTree = "<group>"; };
		E22B62EE29E8CE1E008F3484 /* HealthGPTView.swift */ = {isa = PBXFileReference; lastKnownFileType = sourcecode.swift; path = HealthGPTView.swift; sourceTree = "<group>"; };
		E26542A229E8D70100094BAD /* OpenAI */ = {isa = PBXFileReference; lastKnownFileType = wrapper; name = OpenAI; path = "/Users/varunshenoy/Library/Developer/Xcode/DerivedData/TemplateApplication-fhjipkzkgfsoxiezldfjbwynfudi/SourcePackages/checkouts/OpenAI"; sourceTree = "<absolute>"; };
/* End PBXFileReference section */

/* Begin PBXFrameworksBuildPhase section */
		2739EE4529EF8F5100E73C0F /* Frameworks */ = {
			isa = PBXFrameworksBuildPhase;
			buildActionMask = 2147483647;
			files = (
			);
			runOnlyForDeploymentPostprocessing = 0;
		};
		2739EE5329EF8F6C00E73C0F /* Frameworks */ = {
			isa = PBXFrameworksBuildPhase;
			buildActionMask = 2147483647;
			files = (
			);
			runOnlyForDeploymentPostprocessing = 0;
		};
		653A254A283387FE005D4D48 /* Frameworks */ = {
			isa = PBXFrameworksBuildPhase;
			buildActionMask = 2147483647;
			files = (
				2737200C29EEBE4300024843 /* CardinalKitHealthKit in Frameworks */,
				275DEFC929EEC5230079D453 /* CardinalKitFirestore in Frameworks */,
				2737200929EEBD2800024843 /* CardinalKitFHIRToFirestoreAdapter in Frameworks */,
				2737200629EEBCED00024843 /* CardinalKitFHIRMockDataStorageProvider in Frameworks */,
				2737200429EEBCED00024843 /* CardinalKitFHIR in Frameworks */,
				E26542A529E8D7A100094BAD /* OpenAI in Frameworks */,
				2737201229EEC0DE00024843 /* CardinalKitAccount in Frameworks */,
				2737201529EEC16400024843 /* CardinalKitOnboarding in Frameworks */,
				275DEFCB29EEC5230079D453 /* CardinalKitFirestorePrefixUserIdAdapter in Frameworks */,
				275DEFC729EEC5230079D453 /* CardinalKitFirebaseConfiguration in Frameworks */,
				2737200F29EEBE6D00024843 /* CardinalKitHealthKitToFHIRAdapter in Frameworks */,
				275DEFC529EEC5230079D453 /* CardinalKitFirebaseAccount in Frameworks */,
				2F49B7762980407C00BCB272 /* CardinalKit in Frameworks */,
			);
			runOnlyForDeploymentPostprocessing = 0;
		};
/* End PBXFrameworksBuildPhase section */

/* Begin PBXGroup section */
		2739EE4929EF8F5100E73C0F /* TemplateApplicationTests */ = {
			isa = PBXGroup;
			children = (
				2739EE4A29EF8F5100E73C0F /* TemplateApplicationTests.swift */,
			);
			path = TemplateApplicationTests;
			sourceTree = "<group>";
		};
		2739EE5729EF8F6C00E73C0F /* TemplateApplicationUITests */ = {
			isa = PBXGroup;
			children = (
				2739EE5829EF8F6C00E73C0F /* TemplateApplicationUITests.swift */,
				2739EE5A29EF8F6C00E73C0F /* TemplateApplicationUITestsLaunchTests.swift */,
			);
			path = TemplateApplicationUITests;
			sourceTree = "<group>";
		};
		275DEFCC29EEC58A0079D453 /* SharedContext */ = {
			isa = PBXGroup;
			children = (
				275DEFCD29EEC5AD0079D453 /* StorageKeys.swift */,
				275DEFCF29EEC5D20079D453 /* FeatureFlags.swift */,
			);
			path = SharedContext;
			sourceTree = "<group>";
		};
		275DEFD129EEC6620079D453 /* Onboarding */ = {
			isa = PBXGroup;
			children = (
				275DEFDE29EEC6E60079D453 /* AccountSetup */,
				275DEFD229EEC66C0079D453 /* Consent.swift */,
				275DEFD429EEC6870079D453 /* HealthKitPermissions.swift */,
				275DEFD629EEC6A60079D453 /* InterestingModules.swift */,
				275DEFD829EEC6B80079D453 /* OnboardingFlow.swift */,
				275DEFDA29EEC6CA0079D453 /* String+ModuleLocalized.swift */,
				275DEFDC29EEC6DC0079D453 /* Welcome.swift */,
			);
			path = Onboarding;
			sourceTree = "<group>";
		};
		275DEFDE29EEC6E60079D453 /* AccountSetup */ = {
			isa = PBXGroup;
			children = (
				275DEFDF29EEC6F20079D453 /* IconView.swift */,
				275DEFE129EEC7030079D453 /* TemplateSignUp.swift */,
				275DEFE329EEC70E0079D453 /* UserView.swift */,
				275DEFE529EEC71E0079D453 /* AccountSetup.swift */,
				275DEFE729EEC72E0079D453 /* TemplateLogin.swift */,
			);
			path = AccountSetup;
			sourceTree = "<group>";
		};
		275DEFE929EEC76B0079D453 /* Resources */ = {
			isa = PBXGroup;
			children = (
				275DEFEC29EEC9150079D453 /* AppIcon.png */,
			);
			path = Resources;
			sourceTree = "<group>";
		};
		275DEFEE29EEC9E30079D453 /* Helper */ = {
			isa = PBXGroup;
			children = (
				275DEFEF29EEC9ED0079D453 /* Bundle+Image.swift */,
				275DEFF129EECA030079D453 /* Binding+Negate.swift */,
				275DEFF329EECA170079D453 /* CodableArray+RawRepresentable.swift */,
			);
			path = Helper;
			sourceTree = "<group>";
		};
		2FC9759D2978E30800BA99FE /* Supporting Files */ = {
			isa = PBXGroup;
			children = (
				2FAEC07F297F583900C11C42 /* TemplateApplication.entitlements */,
				653A258928339462005D4D48 /* Info.plist */,
				2F6025CA29BBE70F0045459E /* GoogleService-Info.plist */,
				653A255428338800005D4D48 /* Assets.xcassets */,
				2FC9759E2978E39600BA99FE /* Localizable.strings */,
			);
			path = "Supporting Files";
			sourceTree = "<group>";
		};
		653A2544283387FE005D4D48 = {
			isa = PBXGroup;
			children = (
				2FC94CD4298B0A1D009C8209 /* TemplateApplication.xctestplan */,
				653A254F283387FE005D4D48 /* TemplateApplication */,
				2739EE4929EF8F5100E73C0F /* TemplateApplicationTests */,
				2739EE5729EF8F6C00E73C0F /* TemplateApplicationUITests */,
				653A254E283387FE005D4D48 /* Products */,
				653A258B283395A7005D4D48 /* Frameworks */,
			);
			sourceTree = "<group>";
		};
		653A254E283387FE005D4D48 /* Products */ = {
			isa = PBXGroup;
			children = (
				653A254D283387FE005D4D48 /* HealthGPT.app */,
				2739EE4829EF8F5100E73C0F /* TemplateApplicationTests.xctest */,
				2739EE5629EF8F6C00E73C0F /* TemplateApplicationUITests.xctest */,
			);
			name = Products;
			sourceTree = "<group>";
		};
		653A254F283387FE005D4D48 /* TemplateApplication */ = {
			isa = PBXGroup;
			children = (
				275DEFEE29EEC9E30079D453 /* Helper */,
				275DEFE929EEC76B0079D453 /* Resources */,
				275DEFD129EEC6620079D453 /* Onboarding */,
				275DEFCC29EEC58A0079D453 /* SharedContext */,
				653A2550283387FE005D4D48 /* TemplateApplication.swift */,
				2F5E32BC297E05EA003432F8 /* TemplateAppDelegate.swift */,
				2F4E23822989D51F0013F3D9 /* TemplateAppTestingSetup.swift */,
				2FC975A72978F11A00BA99FE /* Home.swift */,
				2FC9759D2978E30800BA99FE /* Supporting Files */,
				E22B62EE29E8CE1E008F3484 /* HealthGPTView.swift */,
				E21D869F29EDB17500490C26 /* HealthDataFetcher.swift */,
				E21D86A329EDB21B00490C26 /* MessageInputView.swift */,
			);
			path = TemplateApplication;
			sourceTree = "<group>";
		};
		653A258B283395A7005D4D48 /* Frameworks */ = {
			isa = PBXGroup;
			children = (
				E26542A229E8D70100094BAD /* OpenAI */,
			);
			name = Frameworks;
			sourceTree = "<group>";
		};
/* End PBXGroup section */

/* Begin PBXNativeTarget section */
		2739EE4729EF8F5100E73C0F /* TemplateApplicationTests */ = {
			isa = PBXNativeTarget;
			buildConfigurationList = 2739EE4E29EF8F5100E73C0F /* Build configuration list for PBXNativeTarget "TemplateApplicationTests" */;
			buildPhases = (
				2739EE4429EF8F5100E73C0F /* Sources */,
				2739EE4529EF8F5100E73C0F /* Frameworks */,
				2739EE4629EF8F5100E73C0F /* Resources */,
			);
			buildRules = (
			);
			dependencies = (
				2739EE4D29EF8F5100E73C0F /* PBXTargetDependency */,
			);
			name = TemplateApplicationTests;
			productName = TemplateApplicationTests;
			productReference = 2739EE4829EF8F5100E73C0F /* TemplateApplicationTests.xctest */;
			productType = "com.apple.product-type.bundle.unit-test";
		};
		2739EE5529EF8F6C00E73C0F /* TemplateApplicationUITests */ = {
			isa = PBXNativeTarget;
			buildConfigurationList = 2739EE5E29EF8F6C00E73C0F /* Build configuration list for PBXNativeTarget "TemplateApplicationUITests" */;
			buildPhases = (
				2739EE5229EF8F6C00E73C0F /* Sources */,
				2739EE5329EF8F6C00E73C0F /* Frameworks */,
				2739EE5429EF8F6C00E73C0F /* Resources */,
			);
			buildRules = (
			);
			dependencies = (
				2739EE5D29EF8F6C00E73C0F /* PBXTargetDependency */,
			);
			name = TemplateApplicationUITests;
			productName = TemplateApplicationUITests;
			productReference = 2739EE5629EF8F6C00E73C0F /* TemplateApplicationUITests.xctest */;
			productType = "com.apple.product-type.bundle.ui-testing";
		};
		653A254C283387FE005D4D48 /* HealthGPT */ = {
			isa = PBXNativeTarget;
			buildConfigurationList = 653A257128338800005D4D48 /* Build configuration list for PBXNativeTarget "HealthGPT" */;
			buildPhases = (
				653A2549283387FE005D4D48 /* Sources */,
				653A254A283387FE005D4D48 /* Frameworks */,
				653A254B283387FE005D4D48 /* Resources */,
				2F5B528D29BD237B002020B7 /* ShellScript */,
			);
			buildRules = (
			);
			dependencies = (
			);
			name = HealthGPT;
			packageProductDependencies = (
				2F49B7752980407B00BCB272 /* CardinalKit */,
				E26542A429E8D7A100094BAD /* OpenAI */,
				2737200329EEBCED00024843 /* CardinalKitFHIR */,
				2737200529EEBCED00024843 /* CardinalKitFHIRMockDataStorageProvider */,
				2737200829EEBD2800024843 /* CardinalKitFHIRToFirestoreAdapter */,
				2737200B29EEBE4300024843 /* CardinalKitHealthKit */,
				2737200E29EEBE6D00024843 /* CardinalKitHealthKitToFHIRAdapter */,
				2737201129EEC0DE00024843 /* CardinalKitAccount */,
				2737201429EEC16400024843 /* CardinalKitOnboarding */,
				275DEFC429EEC5230079D453 /* CardinalKitFirebaseAccount */,
				275DEFC629EEC5230079D453 /* CardinalKitFirebaseConfiguration */,
				275DEFC829EEC5230079D453 /* CardinalKitFirestore */,
				275DEFCA29EEC5230079D453 /* CardinalKitFirestorePrefixUserIdAdapter */,
			);
			productName = TemplateApplication;
			productReference = 653A254D283387FE005D4D48 /* HealthGPT.app */;
			productType = "com.apple.product-type.application";
		};
/* End PBXNativeTarget section */

/* Begin PBXProject section */
		653A2545283387FE005D4D48 /* Project object */ = {
			isa = PBXProject;
			attributes = {
				BuildIndependentTargetsInParallel = 1;
				LastSwiftUpdateCheck = 1430;
				LastUpgradeCheck = 1340;
				TargetAttributes = {
					2739EE4729EF8F5100E73C0F = {
						CreatedOnToolsVersion = 14.3;
						TestTargetID = 653A254C283387FE005D4D48;
					};
					2739EE5529EF8F6C00E73C0F = {
						CreatedOnToolsVersion = 14.3;
						TestTargetID = 653A254C283387FE005D4D48;
					};
					653A254C283387FE005D4D48 = {
						CreatedOnToolsVersion = 13.4;
					};
				};
			};
			buildConfigurationList = 653A2548283387FE005D4D48 /* Build configuration list for PBXProject "TemplateApplication" */;
			compatibilityVersion = "Xcode 13.0";
			developmentRegion = en;
			hasScannedForEncodings = 0;
			knownRegions = (
				en,
				Base,
			);
			mainGroup = 653A2544283387FE005D4D48;
			packageReferences = (
				2F49B7742980407B00BCB272 /* XCRemoteSwiftPackageReference "CardinalKit" */,
				2F4E237F2989C5930013F3D9 /* XCRemoteSwiftPackageReference "XCTHealthKit" */,
				2FEE103B2998E580000822E1 /* XCRemoteSwiftPackageReference "XCTestExtensions" */,
				2F6025CE29BBEC610045459E /* XCRemoteSwiftPackageReference "firebase-ios-sdk" */,
				E26542A329E8D7A100094BAD /* XCRemoteSwiftPackageReference "OpenAI" */,
				2737200229EEBCEC00024843 /* XCRemoteSwiftPackageReference "CardinalKitFHIR" */,
				2737200729EEBD2800024843 /* XCRemoteSwiftPackageReference "CardinalKitFHIRtoFirestoreAdapter" */,
				2737200A29EEBE4300024843 /* XCRemoteSwiftPackageReference "CardinalKitHealthKit" */,
				2737200D29EEBE6D00024843 /* XCRemoteSwiftPackageReference "CardinalKitHealthKitToFHIRAdapter" */,
				2737201029EEC0DE00024843 /* XCRemoteSwiftPackageReference "CardinalKitAccount" */,
				2737201329EEC16400024843 /* XCRemoteSwiftPackageReference "CardinalKitOnboarding" */,
				275DEFC329EEC5230079D453 /* XCRemoteSwiftPackageReference "CardinalKitFirebase" */,
			);
			productRefGroup = 653A254E283387FE005D4D48 /* Products */;
			projectDirPath = "";
			projectRoot = "";
			targets = (
				653A254C283387FE005D4D48 /* HealthGPT */,
				2739EE4729EF8F5100E73C0F /* TemplateApplicationTests */,
				2739EE5529EF8F6C00E73C0F /* TemplateApplicationUITests */,
			);
		};
/* End PBXProject section */

/* Begin PBXResourcesBuildPhase section */
		2739EE4629EF8F5100E73C0F /* Resources */ = {
			isa = PBXResourcesBuildPhase;
			buildActionMask = 2147483647;
			files = (
			);
			runOnlyForDeploymentPostprocessing = 0;
		};
		2739EE5429EF8F6C00E73C0F /* Resources */ = {
			isa = PBXResourcesBuildPhase;
			buildActionMask = 2147483647;
			files = (
			);
			runOnlyForDeploymentPostprocessing = 0;
		};
		653A254B283387FE005D4D48 /* Resources */ = {
			isa = PBXResourcesBuildPhase;
			buildActionMask = 2147483647;
			files = (
				275DEFED29EEC9150079D453 /* AppIcon.png in Resources */,
				653A255528338800005D4D48 /* Assets.xcassets in Resources */,
				2FC9759F2978E39600BA99FE /* Localizable.strings in Resources */,
				2F6025CB29BBE70F0045459E /* GoogleService-Info.plist in Resources */,
			);
			runOnlyForDeploymentPostprocessing = 0;
		};
/* End PBXResourcesBuildPhase section */

/* Begin PBXShellScriptBuildPhase section */
		2F5B528D29BD237B002020B7 /* ShellScript */ = {
			isa = PBXShellScriptBuildPhase;
			alwaysOutOfDate = 1;
			buildActionMask = 2147483647;
			files = (
			);
			inputFileListPaths = (
			);
			inputPaths = (
			);
			outputFileListPaths = (
			);
			outputPaths = (
			);
			runOnlyForDeploymentPostprocessing = 0;
			shellPath = /bin/sh;
			shellScript = "# if [ \"${CONFIGURATION}\" = \"Debug\" ]; then\n#  export PATH=\"$PATH:/opt/homebrew/bin\"\n#  if which swiftlint > /dev/null; then\n#    swiftlint\n#  else\n#    echo \"warning: SwiftLint not installed, download from https://github.com/realm/SwiftLint\"\n#  fi\n# fi\n";
		};
/* End PBXShellScriptBuildPhase section */

/* Begin PBXSourcesBuildPhase section */
		2739EE4429EF8F5100E73C0F /* Sources */ = {
			isa = PBXSourcesBuildPhase;
			buildActionMask = 2147483647;
			files = (
				2739EE4B29EF8F5100E73C0F /* TemplateApplicationTests.swift in Sources */,
			);
			runOnlyForDeploymentPostprocessing = 0;
		};
		2739EE5229EF8F6C00E73C0F /* Sources */ = {
			isa = PBXSourcesBuildPhase;
			buildActionMask = 2147483647;
			files = (
				2739EE5929EF8F6C00E73C0F /* TemplateApplicationUITests.swift in Sources */,
				2739EE5B29EF8F6C00E73C0F /* TemplateApplicationUITestsLaunchTests.swift in Sources */,
			);
			runOnlyForDeploymentPostprocessing = 0;
		};
		653A2549283387FE005D4D48 /* Sources */ = {
			isa = PBXSourcesBuildPhase;
			buildActionMask = 2147483647;
			files = (
				275DEFF029EEC9ED0079D453 /* Bundle+Image.swift in Sources */,
				275DEFD929EEC6B80079D453 /* OnboardingFlow.swift in Sources */,
				275DEFDD29EEC6DC0079D453 /* Welcome.swift in Sources */,
				275DEFD729EEC6A60079D453 /* InterestingModules.swift in Sources */,
				2FC975A82978F11A00BA99FE /* Home.swift in Sources */,
				275DEFF429EECA180079D453 /* CodableArray+RawRepresentable.swift in Sources */,
				E21D86A429EDB21B00490C26 /* MessageInputView.swift in Sources */,
				2F4E23832989D51F0013F3D9 /* TemplateAppTestingSetup.swift in Sources */,
				275DEFD029EEC5D20079D453 /* FeatureFlags.swift in Sources */,
				275DEFE429EEC70E0079D453 /* UserView.swift in Sources */,
				275DEFF229EECA030079D453 /* Binding+Negate.swift in Sources */,
				2F5E32BD297E05EA003432F8 /* TemplateAppDelegate.swift in Sources */,
				275DEFE229EEC7030079D453 /* TemplateSignUp.swift in Sources */,
				275DEFD529EEC6870079D453 /* HealthKitPermissions.swift in Sources */,
				275DEFE829EEC72E0079D453 /* TemplateLogin.swift in Sources */,
				275DEFDB29EEC6CA0079D453 /* String+ModuleLocalized.swift in Sources */,
				275DEFE629EEC71E0079D453 /* AccountSetup.swift in Sources */,
				E22B62EF29E8CE1E008F3484 /* HealthGPTView.swift in Sources */,
				275DEFCE29EEC5AD0079D453 /* StorageKeys.swift in Sources */,
				653A2551283387FE005D4D48 /* TemplateApplication.swift in Sources */,
				275DEFE029EEC6F20079D453 /* IconView.swift in Sources */,
				275DEFD329EEC66C0079D453 /* Consent.swift in Sources */,
				E21D86A029EDB17500490C26 /* HealthDataFetcher.swift in Sources */,
			);
			runOnlyForDeploymentPostprocessing = 0;
		};
/* End PBXSourcesBuildPhase section */

/* Begin PBXTargetDependency section */
		2739EE4D29EF8F5100E73C0F /* PBXTargetDependency */ = {
			isa = PBXTargetDependency;
			target = 653A254C283387FE005D4D48 /* HealthGPT */;
			targetProxy = 2739EE4C29EF8F5100E73C0F /* PBXContainerItemProxy */;
		};
		2739EE5D29EF8F6C00E73C0F /* PBXTargetDependency */ = {
			isa = PBXTargetDependency;
			target = 653A254C283387FE005D4D48 /* HealthGPT */;
			targetProxy = 2739EE5C29EF8F6C00E73C0F /* PBXContainerItemProxy */;
		};
/* End PBXTargetDependency section */

/* Begin XCBuildConfiguration section */
		2739EE4F29EF8F5100E73C0F /* Debug */ = {
			isa = XCBuildConfiguration;
			buildSettings = {
				BUNDLE_LOADER = "$(TEST_HOST)";
				CLANG_CXX_LANGUAGE_STANDARD = "gnu++20";
				CODE_SIGN_STYLE = Automatic;
				CURRENT_PROJECT_VERSION = 1;
				GENERATE_INFOPLIST_FILE = YES;
				IPHONEOS_DEPLOYMENT_TARGET = 16.4;
				MARKETING_VERSION = 1.0;
				PRODUCT_BUNDLE_IDENTIFIER = com.stanfordBDHG.TemplateApplicationTests;
				PRODUCT_NAME = "$(TARGET_NAME)";
				SWIFT_EMIT_LOC_STRINGS = NO;
				SWIFT_VERSION = 5.0;
				TARGETED_DEVICE_FAMILY = "1,2";
				TEST_HOST = "$(BUILT_PRODUCTS_DIR)/HealthGPT.app/$(BUNDLE_EXECUTABLE_FOLDER_PATH)/HealthGPT";
			};
			name = Debug;
		};
		2739EE5029EF8F5100E73C0F /* Test */ = {
			isa = XCBuildConfiguration;
			buildSettings = {
				BUNDLE_LOADER = "$(TEST_HOST)";
				CLANG_CXX_LANGUAGE_STANDARD = "gnu++20";
				CODE_SIGN_STYLE = Automatic;
				CURRENT_PROJECT_VERSION = 1;
				GENERATE_INFOPLIST_FILE = YES;
				IPHONEOS_DEPLOYMENT_TARGET = 16.4;
				MARKETING_VERSION = 1.0;
				PRODUCT_BUNDLE_IDENTIFIER = com.stanfordBDHG.TemplateApplicationTests;
				PRODUCT_NAME = "$(TARGET_NAME)";
				SWIFT_EMIT_LOC_STRINGS = NO;
				SWIFT_VERSION = 5.0;
				TARGETED_DEVICE_FAMILY = "1,2";
				TEST_HOST = "$(BUILT_PRODUCTS_DIR)/HealthGPT.app/$(BUNDLE_EXECUTABLE_FOLDER_PATH)/HealthGPT";
			};
			name = Test;
		};
		2739EE5129EF8F5100E73C0F /* Release */ = {
			isa = XCBuildConfiguration;
			buildSettings = {
				BUNDLE_LOADER = "$(TEST_HOST)";
				CLANG_CXX_LANGUAGE_STANDARD = "gnu++20";
				CODE_SIGN_STYLE = Automatic;
				CURRENT_PROJECT_VERSION = 1;
				GENERATE_INFOPLIST_FILE = YES;
				IPHONEOS_DEPLOYMENT_TARGET = 16.4;
				MARKETING_VERSION = 1.0;
				PRODUCT_BUNDLE_IDENTIFIER = com.stanfordBDHG.TemplateApplicationTests;
				PRODUCT_NAME = "$(TARGET_NAME)";
				SWIFT_EMIT_LOC_STRINGS = NO;
				SWIFT_VERSION = 5.0;
				TARGETED_DEVICE_FAMILY = "1,2";
				TEST_HOST = "$(BUILT_PRODUCTS_DIR)/HealthGPT.app/$(BUNDLE_EXECUTABLE_FOLDER_PATH)/HealthGPT";
			};
			name = Release;
		};
		2739EE5F29EF8F6C00E73C0F /* Debug */ = {
			isa = XCBuildConfiguration;
			buildSettings = {
				CLANG_CXX_LANGUAGE_STANDARD = "gnu++20";
				CODE_SIGN_STYLE = Automatic;
				CURRENT_PROJECT_VERSION = 1;
				GENERATE_INFOPLIST_FILE = YES;
				IPHONEOS_DEPLOYMENT_TARGET = 16.4;
				MARKETING_VERSION = 1.0;
				PRODUCT_BUNDLE_IDENTIFIER = com.stanfordBDHG.TemplateApplicationUITests;
				PRODUCT_NAME = "$(TARGET_NAME)";
				SWIFT_EMIT_LOC_STRINGS = NO;
				SWIFT_VERSION = 5.0;
				TARGETED_DEVICE_FAMILY = "1,2";
				TEST_TARGET_NAME = HealthGPT;
			};
			name = Debug;
		};
		2739EE6029EF8F6C00E73C0F /* Test */ = {
			isa = XCBuildConfiguration;
			buildSettings = {
				CLANG_CXX_LANGUAGE_STANDARD = "gnu++20";
				CODE_SIGN_STYLE = Automatic;
				CURRENT_PROJECT_VERSION = 1;
				GENERATE_INFOPLIST_FILE = YES;
				IPHONEOS_DEPLOYMENT_TARGET = 16.4;
				MARKETING_VERSION = 1.0;
				PRODUCT_BUNDLE_IDENTIFIER = com.stanfordBDHG.TemplateApplicationUITests;
				PRODUCT_NAME = "$(TARGET_NAME)";
				SWIFT_EMIT_LOC_STRINGS = NO;
				SWIFT_VERSION = 5.0;
				TARGETED_DEVICE_FAMILY = "1,2";
				TEST_TARGET_NAME = HealthGPT;
			};
			name = Test;
		};
		2739EE6129EF8F6C00E73C0F /* Release */ = {
			isa = XCBuildConfiguration;
			buildSettings = {
				CLANG_CXX_LANGUAGE_STANDARD = "gnu++20";
				CODE_SIGN_STYLE = Automatic;
				CURRENT_PROJECT_VERSION = 1;
				GENERATE_INFOPLIST_FILE = YES;
				IPHONEOS_DEPLOYMENT_TARGET = 16.4;
				MARKETING_VERSION = 1.0;
				PRODUCT_BUNDLE_IDENTIFIER = com.stanfordBDHG.TemplateApplicationUITests;
				PRODUCT_NAME = "$(TARGET_NAME)";
				SWIFT_EMIT_LOC_STRINGS = NO;
				SWIFT_VERSION = 5.0;
				TARGETED_DEVICE_FAMILY = "1,2";
				TEST_TARGET_NAME = HealthGPT;
			};
			name = Release;
		};
		2FEE10302998C89C000822E1 /* Test */ = {
			isa = XCBuildConfiguration;
			buildSettings = {
				ALWAYS_SEARCH_USER_PATHS = NO;
				CLANG_ANALYZER_NONNULL = YES;
				CLANG_ANALYZER_NUMBER_OBJECT_CONVERSION = YES_AGGRESSIVE;
				CLANG_CXX_LANGUAGE_STANDARD = "gnu++17";
				CLANG_ENABLE_MODULES = YES;
				CLANG_ENABLE_OBJC_ARC = YES;
				CLANG_ENABLE_OBJC_WEAK = YES;
				CLANG_WARN_BLOCK_CAPTURE_AUTORELEASING = YES;
				CLANG_WARN_BOOL_CONVERSION = YES;
				CLANG_WARN_COMMA = YES;
				CLANG_WARN_CONSTANT_CONVERSION = YES;
				CLANG_WARN_DEPRECATED_OBJC_IMPLEMENTATIONS = YES;
				CLANG_WARN_DIRECT_OBJC_ISA_USAGE = YES_ERROR;
				CLANG_WARN_DOCUMENTATION_COMMENTS = YES;
				CLANG_WARN_EMPTY_BODY = YES;
				CLANG_WARN_ENUM_CONVERSION = YES;
				CLANG_WARN_INFINITE_RECURSION = YES;
				CLANG_WARN_INT_CONVERSION = YES;
				CLANG_WARN_NON_LITERAL_NULL_CONVERSION = YES;
				CLANG_WARN_OBJC_IMPLICIT_RETAIN_SELF = YES;
				CLANG_WARN_OBJC_LITERAL_CONVERSION = YES;
				CLANG_WARN_OBJC_ROOT_CLASS = YES_ERROR;
				CLANG_WARN_QUOTED_INCLUDE_IN_FRAMEWORK_HEADER = YES;
				CLANG_WARN_RANGE_LOOP_ANALYSIS = YES;
				CLANG_WARN_STRICT_PROTOTYPES = YES;
				CLANG_WARN_SUSPICIOUS_MOVE = YES;
				CLANG_WARN_UNGUARDED_AVAILABILITY = YES_AGGRESSIVE;
				CLANG_WARN_UNREACHABLE_CODE = YES;
				CLANG_WARN__DUPLICATE_METHOD_MATCH = YES;
				COPY_PHASE_STRIP = NO;
				DEBUG_INFORMATION_FORMAT = dwarf;
				ENABLE_STRICT_OBJC_MSGSEND = YES;
				ENABLE_TESTABILITY = YES;
				GCC_C_LANGUAGE_STANDARD = gnu11;
				GCC_DYNAMIC_NO_PIC = NO;
				GCC_NO_COMMON_BLOCKS = YES;
				GCC_OPTIMIZATION_LEVEL = 0;
				GCC_PREPROCESSOR_DEFINITIONS = (
					"DEBUG=1",
					"$(inherited)",
				);
				GCC_WARN_64_TO_32_BIT_CONVERSION = YES;
				GCC_WARN_ABOUT_RETURN_TYPE = YES_ERROR;
				GCC_WARN_UNDECLARED_SELECTOR = YES;
				GCC_WARN_UNINITIALIZED_AUTOS = YES_AGGRESSIVE;
				GCC_WARN_UNUSED_FUNCTION = YES;
				GCC_WARN_UNUSED_VARIABLE = YES;
				IPHONEOS_DEPLOYMENT_TARGET = 16.0;
				MTL_ENABLE_DEBUG_INFO = INCLUDE_SOURCE;
				MTL_FAST_MATH = YES;
				ONLY_ACTIVE_ARCH = YES;
				SDKROOT = iphoneos;
				SWIFT_ACTIVE_COMPILATION_CONDITIONS = TEST;
				SWIFT_OPTIMIZATION_LEVEL = "-Onone";
			};
			name = Test;
		};
		2FEE10312998C89C000822E1 /* Test */ = {
			isa = XCBuildConfiguration;
			buildSettings = {
				ASSETCATALOG_COMPILER_APPICON_NAME = AppIcon;
				ASSETCATALOG_COMPILER_GLOBAL_ACCENT_COLOR_NAME = AccentColor;
				CODE_SIGN_ENTITLEMENTS = "TemplateApplication/Supporting Files/TemplateApplication.entitlements";
				CODE_SIGN_IDENTITY = "Apple Development";
				CODE_SIGN_STYLE = Automatic;
				CURRENT_PROJECT_VERSION = 1;
				DEVELOPMENT_ASSET_PATHS = "";
				DEVELOPMENT_TEAM = "";
				ENABLE_PREVIEWS = YES;
				GENERATE_INFOPLIST_FILE = YES;
				INFOPLIST_FILE = "TemplateApplication/Supporting Files/Info.plist";
				INFOPLIST_KEY_NSCameraUsageDescription = "This message should never appear. Please adjust this when you start using camera information. We have to put this in here as ResearchKit has the possibility to use it and not putting it here returns an error on AppStore Connect.";
				INFOPLIST_KEY_NSHealthShareUsageDescription = "The CardinalKit Template Application uses the step count to demonstrate CardinalKit's integration with HealthKit.";
				INFOPLIST_KEY_NSHealthUpdateUsageDescription = "The CardinalKit Template Application uses the step count to demonstrate CardinalKit's integration with HealthKit.";
				INFOPLIST_KEY_NSLocationAlwaysAndWhenInUseUsageDescription = "This message should never appear. Please adjust this when you start using location information. We have to put this in here as ResearchKit has the possibility to use it and not putting it here returns an error on AppStore Connect.";
				INFOPLIST_KEY_NSLocationWhenInUseUsageDescription = "This message should never appear. Please adjust this when you start using location information. We have to put this in here as ResearchKit has the possibility to use it and not putting it here returns an error on AppStore Connect.";
				INFOPLIST_KEY_NSMicrophoneUsageDescription = "This message should never appear. Please adjust this when you start using microphone information. We have to put this in here as ResearchKit has the possibility to use it and not putting it here returns an error on AppStore Connect.";
				INFOPLIST_KEY_NSMotionUsageDescription = "This message should never appear. Please adjust this when you start using motion information. We have to put this in here as ResearchKit has the possibility to use it and not putting it here returns an error on AppStore Connect.";
				INFOPLIST_KEY_NSSpeechRecognitionUsageDescription = "This message should never appear. Please adjust this when you start using speecg information. We have to put this in here as ResearchKit has the possibility to use it and not putting it here returns an error on AppStore Connect.";
				INFOPLIST_KEY_UILaunchScreen_Generation = YES;
				INFOPLIST_KEY_UISupportedInterfaceOrientations = UIInterfaceOrientationPortrait;
				INFOPLIST_KEY_UISupportedInterfaceOrientations_iPad = "UIInterfaceOrientationLandscapeLeft UIInterfaceOrientationLandscapeRight UIInterfaceOrientationPortrait UIInterfaceOrientationPortraitUpsideDown";
				INFOPLIST_KEY_UITemplateApplicationlicationSceneManifest_Generation = YES;
				INFOPLIST_KEY_UITemplateApplicationlicationSupportsIndirectInputEvents = YES;
				IPHONEOS_DEPLOYMENT_TARGET = 16.0;
				LD_RUNPATH_SEARCH_PATHS = (
					"$(inherited)",
					"@executable_path/Frameworks",
				);
				MARKETING_VERSION = 1.0;
				PRODUCT_BUNDLE_IDENTIFIER = edu.stanford.healthgpt;
				PRODUCT_NAME = "$(TARGET_NAME)";
				PROVISIONING_PROFILE_SPECIFIER = "";
				SUPPORTED_PLATFORMS = "iphoneos iphonesimulator";
				SUPPORTS_MACCATALYST = NO;
				SUPPORTS_MAC_DESIGNED_FOR_IPHONE_IPAD = NO;
				"SWIFT_ELicenseRef-TemplateApplication_LOC_STRINGS" = YES;
				SWIFT_VERSION = 5.0;
				TARGETED_DEVICE_FAMILY = 1;
			};
			name = Test;
		};
		653A256F28338800005D4D48 /* Debug */ = {
			isa = XCBuildConfiguration;
			buildSettings = {
				ALWAYS_SEARCH_USER_PATHS = NO;
				CLANG_ANALYZER_NONNULL = YES;
				CLANG_ANALYZER_NUMBER_OBJECT_CONVERSION = YES_AGGRESSIVE;
				CLANG_CXX_LANGUAGE_STANDARD = "gnu++17";
				CLANG_ENABLE_MODULES = YES;
				CLANG_ENABLE_OBJC_ARC = YES;
				CLANG_ENABLE_OBJC_WEAK = YES;
				CLANG_WARN_BLOCK_CAPTURE_AUTORELEASING = YES;
				CLANG_WARN_BOOL_CONVERSION = YES;
				CLANG_WARN_COMMA = YES;
				CLANG_WARN_CONSTANT_CONVERSION = YES;
				CLANG_WARN_DEPRECATED_OBJC_IMPLEMENTATIONS = YES;
				CLANG_WARN_DIRECT_OBJC_ISA_USAGE = YES_ERROR;
				CLANG_WARN_DOCUMENTATION_COMMENTS = YES;
				CLANG_WARN_EMPTY_BODY = YES;
				CLANG_WARN_ENUM_CONVERSION = YES;
				CLANG_WARN_INFINITE_RECURSION = YES;
				CLANG_WARN_INT_CONVERSION = YES;
				CLANG_WARN_NON_LITERAL_NULL_CONVERSION = YES;
				CLANG_WARN_OBJC_IMPLICIT_RETAIN_SELF = YES;
				CLANG_WARN_OBJC_LITERAL_CONVERSION = YES;
				CLANG_WARN_OBJC_ROOT_CLASS = YES_ERROR;
				CLANG_WARN_QUOTED_INCLUDE_IN_FRAMEWORK_HEADER = YES;
				CLANG_WARN_RANGE_LOOP_ANALYSIS = YES;
				CLANG_WARN_STRICT_PROTOTYPES = YES;
				CLANG_WARN_SUSPICIOUS_MOVE = YES;
				CLANG_WARN_UNGUARDED_AVAILABILITY = YES_AGGRESSIVE;
				CLANG_WARN_UNREACHABLE_CODE = YES;
				CLANG_WARN__DUPLICATE_METHOD_MATCH = YES;
				COPY_PHASE_STRIP = NO;
				DEBUG_INFORMATION_FORMAT = dwarf;
				ENABLE_STRICT_OBJC_MSGSEND = YES;
				ENABLE_TESTABILITY = YES;
				GCC_C_LANGUAGE_STANDARD = gnu11;
				GCC_DYNAMIC_NO_PIC = NO;
				GCC_NO_COMMON_BLOCKS = YES;
				GCC_OPTIMIZATION_LEVEL = 0;
				GCC_PREPROCESSOR_DEFINITIONS = (
					"DEBUG=1",
					"$(inherited)",
				);
				GCC_WARN_64_TO_32_BIT_CONVERSION = YES;
				GCC_WARN_ABOUT_RETURN_TYPE = YES_ERROR;
				GCC_WARN_UNDECLARED_SELECTOR = YES;
				GCC_WARN_UNINITIALIZED_AUTOS = YES_AGGRESSIVE;
				GCC_WARN_UNUSED_FUNCTION = YES;
				GCC_WARN_UNUSED_VARIABLE = YES;
				IPHONEOS_DEPLOYMENT_TARGET = 16.0;
				MTL_ENABLE_DEBUG_INFO = INCLUDE_SOURCE;
				MTL_FAST_MATH = YES;
				ONLY_ACTIVE_ARCH = YES;
				SDKROOT = iphoneos;
				SWIFT_ACTIVE_COMPILATION_CONDITIONS = DEBUG;
				SWIFT_OPTIMIZATION_LEVEL = "-Onone";
			};
			name = Debug;
		};
		653A257028338800005D4D48 /* Release */ = {
			isa = XCBuildConfiguration;
			buildSettings = {
				ALWAYS_SEARCH_USER_PATHS = NO;
				CLANG_ANALYZER_NONNULL = YES;
				CLANG_ANALYZER_NUMBER_OBJECT_CONVERSION = YES_AGGRESSIVE;
				CLANG_CXX_LANGUAGE_STANDARD = "gnu++17";
				CLANG_ENABLE_MODULES = YES;
				CLANG_ENABLE_OBJC_ARC = YES;
				CLANG_ENABLE_OBJC_WEAK = YES;
				CLANG_WARN_BLOCK_CAPTURE_AUTORELEASING = YES;
				CLANG_WARN_BOOL_CONVERSION = YES;
				CLANG_WARN_COMMA = YES;
				CLANG_WARN_CONSTANT_CONVERSION = YES;
				CLANG_WARN_DEPRECATED_OBJC_IMPLEMENTATIONS = YES;
				CLANG_WARN_DIRECT_OBJC_ISA_USAGE = YES_ERROR;
				CLANG_WARN_DOCUMENTATION_COMMENTS = YES;
				CLANG_WARN_EMPTY_BODY = YES;
				CLANG_WARN_ENUM_CONVERSION = YES;
				CLANG_WARN_INFINITE_RECURSION = YES;
				CLANG_WARN_INT_CONVERSION = YES;
				CLANG_WARN_NON_LITERAL_NULL_CONVERSION = YES;
				CLANG_WARN_OBJC_IMPLICIT_RETAIN_SELF = YES;
				CLANG_WARN_OBJC_LITERAL_CONVERSION = YES;
				CLANG_WARN_OBJC_ROOT_CLASS = YES_ERROR;
				CLANG_WARN_QUOTED_INCLUDE_IN_FRAMEWORK_HEADER = YES;
				CLANG_WARN_RANGE_LOOP_ANALYSIS = YES;
				CLANG_WARN_STRICT_PROTOTYPES = YES;
				CLANG_WARN_SUSPICIOUS_MOVE = YES;
				CLANG_WARN_UNGUARDED_AVAILABILITY = YES_AGGRESSIVE;
				CLANG_WARN_UNREACHABLE_CODE = YES;
				CLANG_WARN__DUPLICATE_METHOD_MATCH = YES;
				COPY_PHASE_STRIP = NO;
				DEBUG_INFORMATION_FORMAT = "dwarf-with-dsym";
				ENABLE_NS_ASSERTIONS = NO;
				ENABLE_STRICT_OBJC_MSGSEND = YES;
				GCC_C_LANGUAGE_STANDARD = gnu11;
				GCC_NO_COMMON_BLOCKS = YES;
				GCC_WARN_64_TO_32_BIT_CONVERSION = YES;
				GCC_WARN_ABOUT_RETURN_TYPE = YES_ERROR;
				GCC_WARN_UNDECLARED_SELECTOR = YES;
				GCC_WARN_UNINITIALIZED_AUTOS = YES_AGGRESSIVE;
				GCC_WARN_UNUSED_FUNCTION = YES;
				GCC_WARN_UNUSED_VARIABLE = YES;
				IPHONEOS_DEPLOYMENT_TARGET = 16.0;
				MTL_ENABLE_DEBUG_INFO = NO;
				MTL_FAST_MATH = YES;
				SDKROOT = iphoneos;
				SWIFT_COMPILATION_MODE = wholemodule;
				SWIFT_OPTIMIZATION_LEVEL = "-O";
				VALIDATE_PRODUCT = YES;
			};
			name = Release;
		};
		653A257228338800005D4D48 /* Debug */ = {
			isa = XCBuildConfiguration;
			buildSettings = {
				ASSETCATALOG_COMPILER_APPICON_NAME = AppIcon;
				ASSETCATALOG_COMPILER_GLOBAL_ACCENT_COLOR_NAME = AccentColor;
				CODE_SIGN_ENTITLEMENTS = "TemplateApplication/Supporting Files/TemplateApplication.entitlements";
				CODE_SIGN_IDENTITY = "Apple Development";
				CODE_SIGN_STYLE = Automatic;
				CURRENT_PROJECT_VERSION = 1;
				DEVELOPMENT_ASSET_PATHS = "";
				DEVELOPMENT_TEAM = "";
				ENABLE_PREVIEWS = YES;
				GENERATE_INFOPLIST_FILE = YES;
				INFOPLIST_FILE = "TemplateApplication/Supporting Files/Info.plist";
				INFOPLIST_KEY_NSCameraUsageDescription = "This message should never appear. Please adjust this when you start using camera information. We have to put this in here as ResearchKit has the possibility to use it and not putting it here returns an error on AppStore Connect.";
				INFOPLIST_KEY_NSHealthShareUsageDescription = "The CardinalKit Template Application uses the step count to demonstrate CardinalKit's integration with HealthKit.";
				INFOPLIST_KEY_NSHealthUpdateUsageDescription = "The CardinalKit Template Application uses the step count to demonstrate CardinalKit's integration with HealthKit.";
				INFOPLIST_KEY_NSLocationAlwaysAndWhenInUseUsageDescription = "This message should never appear. Please adjust this when you start using location information. We have to put this in here as ResearchKit has the possibility to use it and not putting it here returns an error on AppStore Connect.";
				INFOPLIST_KEY_NSLocationWhenInUseUsageDescription = "This message should never appear. Please adjust this when you start using location information. We have to put this in here as ResearchKit has the possibility to use it and not putting it here returns an error on AppStore Connect.";
				INFOPLIST_KEY_NSMicrophoneUsageDescription = "This message should never appear. Please adjust this when you start using microphone information. We have to put this in here as ResearchKit has the possibility to use it and not putting it here returns an error on AppStore Connect.";
				INFOPLIST_KEY_NSMotionUsageDescription = "This message should never appear. Please adjust this when you start using motion information. We have to put this in here as ResearchKit has the possibility to use it and not putting it here returns an error on AppStore Connect.";
				INFOPLIST_KEY_NSSpeechRecognitionUsageDescription = "This message should never appear. Please adjust this when you start using speecg information. We have to put this in here as ResearchKit has the possibility to use it and not putting it here returns an error on AppStore Connect.";
				INFOPLIST_KEY_UILaunchScreen_Generation = YES;
				INFOPLIST_KEY_UISupportedInterfaceOrientations = UIInterfaceOrientationPortrait;
				INFOPLIST_KEY_UISupportedInterfaceOrientations_iPad = "UIInterfaceOrientationLandscapeLeft UIInterfaceOrientationLandscapeRight UIInterfaceOrientationPortrait UIInterfaceOrientationPortraitUpsideDown";
				INFOPLIST_KEY_UITemplateApplicationlicationSceneManifest_Generation = YES;
				INFOPLIST_KEY_UITemplateApplicationlicationSupportsIndirectInputEvents = YES;
				IPHONEOS_DEPLOYMENT_TARGET = 16.0;
				LD_RUNPATH_SEARCH_PATHS = (
					"$(inherited)",
					"@executable_path/Frameworks",
				);
				MARKETING_VERSION = 1.0;
				PRODUCT_BUNDLE_IDENTIFIER = edu.stanford.healthgpt;
				PRODUCT_NAME = "$(TARGET_NAME)";
				PROVISIONING_PROFILE_SPECIFIER = "";
				SUPPORTED_PLATFORMS = "iphoneos iphonesimulator";
				SUPPORTS_MACCATALYST = NO;
				SUPPORTS_MAC_DESIGNED_FOR_IPHONE_IPAD = NO;
				"SWIFT_ELicenseRef-TemplateApplication_LOC_STRINGS" = YES;
				SWIFT_VERSION = 5.0;
				TARGETED_DEVICE_FAMILY = 1;
			};
			name = Debug;
		};
		653A257328338800005D4D48 /* Release */ = {
			isa = XCBuildConfiguration;
			buildSettings = {
				ASSETCATALOG_COMPILER_APPICON_NAME = AppIcon;
				ASSETCATALOG_COMPILER_GLOBAL_ACCENT_COLOR_NAME = AccentColor;
				CODE_SIGN_ENTITLEMENTS = "TemplateApplication/Supporting Files/TemplateApplication.entitlements";
				CODE_SIGN_IDENTITY = "Apple Development";
				CODE_SIGN_STYLE = Automatic;
				CURRENT_PROJECT_VERSION = 1;
				DEVELOPMENT_ASSET_PATHS = "";
				DEVELOPMENT_TEAM = "";
				ENABLE_PREVIEWS = YES;
				GENERATE_INFOPLIST_FILE = YES;
				INFOPLIST_FILE = "TemplateApplication/Supporting Files/Info.plist";
				INFOPLIST_KEY_NSCameraUsageDescription = "This message should never appear. Please adjust this when you start using camera information. We have to put this in here as ResearchKit has the possibility to use it and not putting it here returns an error on AppStore Connect.";
				INFOPLIST_KEY_NSHealthShareUsageDescription = "The CardinalKit Template Application uses the step count to demonstrate CardinalKit's integration with HealthKit.";
				INFOPLIST_KEY_NSHealthUpdateUsageDescription = "The CardinalKit Template Application uses the step count to demonstrate CardinalKit's integration with HealthKit.";
				INFOPLIST_KEY_NSLocationAlwaysAndWhenInUseUsageDescription = "This message should never appear. Please adjust this when you start using location information. We have to put this in here as ResearchKit has the possibility to use it and not putting it here returns an error on AppStore Connect.";
				INFOPLIST_KEY_NSLocationWhenInUseUsageDescription = "This message should never appear. Please adjust this when you start using location information. We have to put this in here as ResearchKit has the possibility to use it and not putting it here returns an error on AppStore Connect.";
				INFOPLIST_KEY_NSMicrophoneUsageDescription = "This message should never appear. Please adjust this when you start using microphone information. We have to put this in here as ResearchKit has the possibility to use it and not putting it here returns an error on AppStore Connect.";
				INFOPLIST_KEY_NSMotionUsageDescription = "This message should never appear. Please adjust this when you start using motion information. We have to put this in here as ResearchKit has the possibility to use it and not putting it here returns an error on AppStore Connect.";
				INFOPLIST_KEY_NSSpeechRecognitionUsageDescription = "This message should never appear. Please adjust this when you start using speecg information. We have to put this in here as ResearchKit has the possibility to use it and not putting it here returns an error on AppStore Connect.";
				INFOPLIST_KEY_UILaunchScreen_Generation = YES;
				INFOPLIST_KEY_UISupportedInterfaceOrientations = UIInterfaceOrientationPortrait;
				INFOPLIST_KEY_UISupportedInterfaceOrientations_iPad = "UIInterfaceOrientationLandscapeLeft UIInterfaceOrientationLandscapeRight UIInterfaceOrientationPortrait UIInterfaceOrientationPortraitUpsideDown";
				INFOPLIST_KEY_UITemplateApplicationlicationSceneManifest_Generation = YES;
				INFOPLIST_KEY_UITemplateApplicationlicationSupportsIndirectInputEvents = YES;
				IPHONEOS_DEPLOYMENT_TARGET = 16.0;
				LD_RUNPATH_SEARCH_PATHS = (
					"$(inherited)",
					"@executable_path/Frameworks",
				);
				MARKETING_VERSION = 1.0;
				PRODUCT_BUNDLE_IDENTIFIER = edu.stanford.healthgpt;
				PRODUCT_NAME = "$(TARGET_NAME)";
				PROVISIONING_PROFILE_SPECIFIER = "";
				SUPPORTED_PLATFORMS = "iphoneos iphonesimulator";
				SUPPORTS_MACCATALYST = NO;
				SUPPORTS_MAC_DESIGNED_FOR_IPHONE_IPAD = NO;
				"SWIFT_ELicenseRef-TemplateApplication_LOC_STRINGS" = YES;
				SWIFT_VERSION = 5.0;
				TARGETED_DEVICE_FAMILY = 1;
			};
			name = Release;
		};
/* End XCBuildConfiguration section */

/* Begin XCConfigurationList section */
		2739EE4E29EF8F5100E73C0F /* Build configuration list for PBXNativeTarget "TemplateApplicationTests" */ = {
			isa = XCConfigurationList;
			buildConfigurations = (
				2739EE4F29EF8F5100E73C0F /* Debug */,
				2739EE5029EF8F5100E73C0F /* Test */,
				2739EE5129EF8F5100E73C0F /* Release */,
			);
			defaultConfigurationIsVisible = 0;
			defaultConfigurationName = Release;
		};
		2739EE5E29EF8F6C00E73C0F /* Build configuration list for PBXNativeTarget "TemplateApplicationUITests" */ = {
			isa = XCConfigurationList;
			buildConfigurations = (
				2739EE5F29EF8F6C00E73C0F /* Debug */,
				2739EE6029EF8F6C00E73C0F /* Test */,
				2739EE6129EF8F6C00E73C0F /* Release */,
			);
			defaultConfigurationIsVisible = 0;
			defaultConfigurationName = Release;
		};
		653A2548283387FE005D4D48 /* Build configuration list for PBXProject "TemplateApplication" */ = {
			isa = XCConfigurationList;
			buildConfigurations = (
				653A256F28338800005D4D48 /* Debug */,
				2FEE10302998C89C000822E1 /* Test */,
				653A257028338800005D4D48 /* Release */,
			);
			defaultConfigurationIsVisible = 0;
			defaultConfigurationName = Release;
		};
		653A257128338800005D4D48 /* Build configuration list for PBXNativeTarget "HealthGPT" */ = {
			isa = XCConfigurationList;
			buildConfigurations = (
				653A257228338800005D4D48 /* Debug */,
				2FEE10312998C89C000822E1 /* Test */,
				653A257328338800005D4D48 /* Release */,
			);
			defaultConfigurationIsVisible = 0;
			defaultConfigurationName = Release;
		};
/* End XCConfigurationList section */

/* Begin XCRemoteSwiftPackageReference section */
		2737200229EEBCEC00024843 /* XCRemoteSwiftPackageReference "CardinalKitFHIR" */ = {
			isa = XCRemoteSwiftPackageReference;
			repositoryURL = "https://github.com/StanfordBDHG/CardinalKitFHIR.git";
			requirement = {
				kind = upToNextMajorVersion;
				minimumVersion = 0.2.1;
			};
		};
		2737200729EEBD2800024843 /* XCRemoteSwiftPackageReference "CardinalKitFHIRtoFirestoreAdapter" */ = {
			isa = XCRemoteSwiftPackageReference;
			repositoryURL = "https://github.com/StanfordBDHG/CardinalKitFHIRtoFirestoreAdapter.git";
			requirement = {
				kind = upToNextMajorVersion;
				minimumVersion = 0.2.0;
			};
		};
		2737200A29EEBE4300024843 /* XCRemoteSwiftPackageReference "CardinalKitHealthKit" */ = {
			isa = XCRemoteSwiftPackageReference;
			repositoryURL = "https://github.com/StanfordBDHG/CardinalKitHealthKit.git";
			requirement = {
				kind = upToNextMajorVersion;
				minimumVersion = 0.1.0;
			};
		};
		2737200D29EEBE6D00024843 /* XCRemoteSwiftPackageReference "CardinalKitHealthKitToFHIRAdapter" */ = {
			isa = XCRemoteSwiftPackageReference;
			repositoryURL = "https://github.com/StanfordBDHG/CardinalKitHealthKitToFHIRAdapter.git";
			requirement = {
				kind = upToNextMajorVersion;
				minimumVersion = 0.2.0;
			};
		};
		2737201029EEC0DE00024843 /* XCRemoteSwiftPackageReference "CardinalKitAccount" */ = {
			isa = XCRemoteSwiftPackageReference;
			repositoryURL = "https://github.com/StanfordBDHG/CardinalKitAccount.git";
			requirement = {
				kind = upToNextMajorVersion;
				minimumVersion = 0.2.0;
			};
		};
		2737201329EEC16400024843 /* XCRemoteSwiftPackageReference "CardinalKitOnboarding" */ = {
			isa = XCRemoteSwiftPackageReference;
			repositoryURL = "https://github.com/StanfordBDHG/CardinalKitOnboarding.git";
			requirement = {
				kind = upToNextMajorVersion;
				minimumVersion = 0.2.1;
			};
		};
		275DEFC329EEC5230079D453 /* XCRemoteSwiftPackageReference "CardinalKitFirebase" */ = {
			isa = XCRemoteSwiftPackageReference;
			repositoryURL = "https://github.com/StanfordBDHG/CardinalKitFirebase.git";
			requirement = {
				kind = upToNextMajorVersion;
				minimumVersion = 0.2.0;
			};
		};
		2F49B7742980407B00BCB272 /* XCRemoteSwiftPackageReference "CardinalKit" */ = {
			isa = XCRemoteSwiftPackageReference;
			repositoryURL = "https://github.com/StanfordBDHG/CardinalKit";
			requirement = {
				kind = upToNextMinorVersion;
				minimumVersion = 0.4.1;
			};
		};
		2F4E237F2989C5930013F3D9 /* XCRemoteSwiftPackageReference "XCTHealthKit" */ = {
			isa = XCRemoteSwiftPackageReference;
			repositoryURL = "https://github.com/StanfordBDHG/XCTHealthKit";
			requirement = {
				kind = upToNextMinorVersion;
				minimumVersion = 0.3.3;
			};
		};
		2F6025CE29BBEC610045459E /* XCRemoteSwiftPackageReference "firebase-ios-sdk" */ = {
			isa = XCRemoteSwiftPackageReference;
			repositoryURL = "https://github.com/firebase/firebase-ios-sdk";
			requirement = {
				kind = upToNextMajorVersion;
				minimumVersion = 10.6.0;
			};
		};
		2FEE103B2998E580000822E1 /* XCRemoteSwiftPackageReference "XCTestExtensions" */ = {
			isa = XCRemoteSwiftPackageReference;
			repositoryURL = "https://github.com/StanfordBDHG/XCTestExtensions";
			requirement = {
				kind = upToNextMinorVersion;
				minimumVersion = 0.3.0;
			};
		};
		E26542A329E8D7A100094BAD /* XCRemoteSwiftPackageReference "OpenAI" */ = {
			isa = XCRemoteSwiftPackageReference;
			repositoryURL = "https://github.com/MacPaw/OpenAI.git";
			requirement = {
				kind = upToNextMajorVersion;
				minimumVersion = 0.1.1;
			};
		};
/* End XCRemoteSwiftPackageReference section */

/* Begin XCSwiftPackageProductDependency section */
		2737200329EEBCED00024843 /* CardinalKitFHIR */ = {
			isa = XCSwiftPackageProductDependency;
			package = 2737200229EEBCEC00024843 /* XCRemoteSwiftPackageReference "CardinalKitFHIR" */;
			productName = CardinalKitFHIR;
		};
		2737200529EEBCED00024843 /* CardinalKitFHIRMockDataStorageProvider */ = {
			isa = XCSwiftPackageProductDependency;
			package = 2737200229EEBCEC00024843 /* XCRemoteSwiftPackageReference "CardinalKitFHIR" */;
			productName = CardinalKitFHIRMockDataStorageProvider;
		};
		2737200829EEBD2800024843 /* CardinalKitFHIRToFirestoreAdapter */ = {
			isa = XCSwiftPackageProductDependency;
			package = 2737200729EEBD2800024843 /* XCRemoteSwiftPackageReference "CardinalKitFHIRtoFirestoreAdapter" */;
			productName = CardinalKitFHIRToFirestoreAdapter;
		};
		2737200B29EEBE4300024843 /* CardinalKitHealthKit */ = {
			isa = XCSwiftPackageProductDependency;
			package = 2737200A29EEBE4300024843 /* XCRemoteSwiftPackageReference "CardinalKitHealthKit" */;
			productName = CardinalKitHealthKit;
		};
		2737200E29EEBE6D00024843 /* CardinalKitHealthKitToFHIRAdapter */ = {
			isa = XCSwiftPackageProductDependency;
			package = 2737200D29EEBE6D00024843 /* XCRemoteSwiftPackageReference "CardinalKitHealthKitToFHIRAdapter" */;
			productName = CardinalKitHealthKitToFHIRAdapter;
		};
		2737201129EEC0DE00024843 /* CardinalKitAccount */ = {
			isa = XCSwiftPackageProductDependency;
			package = 2737201029EEC0DE00024843 /* XCRemoteSwiftPackageReference "CardinalKitAccount" */;
			productName = CardinalKitAccount;
		};
		2737201429EEC16400024843 /* CardinalKitOnboarding */ = {
			isa = XCSwiftPackageProductDependency;
			package = 2737201329EEC16400024843 /* XCRemoteSwiftPackageReference "CardinalKitOnboarding" */;
			productName = CardinalKitOnboarding;
		};
		275DEFC429EEC5230079D453 /* CardinalKitFirebaseAccount */ = {
			isa = XCSwiftPackageProductDependency;
			package = 275DEFC329EEC5230079D453 /* XCRemoteSwiftPackageReference "CardinalKitFirebase" */;
			productName = CardinalKitFirebaseAccount;
		};
		275DEFC629EEC5230079D453 /* CardinalKitFirebaseConfiguration */ = {
			isa = XCSwiftPackageProductDependency;
			package = 275DEFC329EEC5230079D453 /* XCRemoteSwiftPackageReference "CardinalKitFirebase" */;
			productName = CardinalKitFirebaseConfiguration;
		};
		275DEFC829EEC5230079D453 /* CardinalKitFirestore */ = {
			isa = XCSwiftPackageProductDependency;
			package = 275DEFC329EEC5230079D453 /* XCRemoteSwiftPackageReference "CardinalKitFirebase" */;
			productName = CardinalKitFirestore;
		};
		275DEFCA29EEC5230079D453 /* CardinalKitFirestorePrefixUserIdAdapter */ = {
			isa = XCSwiftPackageProductDependency;
			package = 275DEFC329EEC5230079D453 /* XCRemoteSwiftPackageReference "CardinalKitFirebase" */;
			productName = CardinalKitFirestorePrefixUserIdAdapter;
		};
		2F49B7752980407B00BCB272 /* CardinalKit */ = {
			isa = XCSwiftPackageProductDependency;
			package = 2F49B7742980407B00BCB272 /* XCRemoteSwiftPackageReference "CardinalKit" */;
			productName = CardinalKit;
		};
		E26542A429E8D7A100094BAD /* OpenAI */ = {
			isa = XCSwiftPackageProductDependency;
			package = E26542A329E8D7A100094BAD /* XCRemoteSwiftPackageReference "OpenAI" */;
			productName = OpenAI;
		};
/* End XCSwiftPackageProductDependency section */
	};
	rootObject = 653A2545283387FE005D4D48 /* Project object */;
}
