// !$*UTF8*$!
{
	archiveVersion = 1;
	classes = {
	};
	objectVersion = 55;
	objects = {

/* Begin PBXBuildFile section */
		2F49B74F297F8A9F00BCB272 /* QuestionnaireList.swift in Sources */ = {isa = PBXBuildFile; fileRef = 2F49B74E297F8A9F00BCB272 /* QuestionnaireList.swift */; };
		2F49B751297F8AF000BCB272 /* QuestionnaireResponseView.swift in Sources */ = {isa = PBXBuildFile; fileRef = 2F49B750297F8AF000BCB272 /* QuestionnaireResponseView.swift */; };
		2F49B753297F8E3300BCB272 /* Questionnaires in Frameworks */ = {isa = PBXBuildFile; productRef = 2F49B752297F8E3300BCB272 /* Questionnaires */; };
		2F5E32BD297E05EA003432F8 /* TemplateAppDelegate.swift in Sources */ = {isa = PBXBuildFile; fileRef = 2F5E32BC297E05EA003432F8 /* TemplateAppDelegate.swift */; };
		2FAEC07C297F55C800C11C42 /* HealthKitDataSource in Frameworks */ = {isa = PBXBuildFile; productRef = 2FAEC07B297F55C800C11C42 /* HealthKitDataSource */; };
		2FAEC07E297F55C800C11C42 /* HealthKitToFHIRAdapter in Frameworks */ = {isa = PBXBuildFile; productRef = 2FAEC07D297F55C800C11C42 /* HealthKitToFHIRAdapter */; };
		2FAEC081297F5BCF00C11C42 /* HealthKitPermissions.swift in Sources */ = {isa = PBXBuildFile; fileRef = 2FAEC080297F5BCF00C11C42 /* HealthKitPermissions.swift */; };
		2FAEC084297F874300C11C42 /* JSONView.swift in Sources */ = {isa = PBXBuildFile; fileRef = 2FAEC083297F874300C11C42 /* JSONView.swift */; };
		2FAEC086297F87DE00C11C42 /* String+JSON.swift in Sources */ = {isa = PBXBuildFile; fileRef = 2FAEC085297F87DE00C11C42 /* String+JSON.swift */; };
		2FAEC088297F880C00C11C42 /* QuestionnaireJSONView.swift in Sources */ = {isa = PBXBuildFile; fileRef = 2FAEC087297F880C00C11C42 /* QuestionnaireJSONView.swift */; };
		2FAEC08B297F885600C11C42 /* FHIRQuestionnaires in Frameworks */ = {isa = PBXBuildFile; productRef = 2FAEC08A297F885600C11C42 /* FHIRQuestionnaires */; };
		2FC975872978D26900BA99FE /* CardinalKit in Frameworks */ = {isa = PBXBuildFile; productRef = 2FC975862978D26900BA99FE /* CardinalKit */; };
		2FC975892978D26900BA99FE /* FHIR in Frameworks */ = {isa = PBXBuildFile; productRef = 2FC975882978D26900BA99FE /* FHIR */; };
		2FC9758C2978D34D00BA99FE /* OnboardingFlow.swift in Sources */ = {isa = PBXBuildFile; fileRef = 2FC9758B2978D34D00BA99FE /* OnboardingFlow.swift */; };
		2FC9758F2978D39D00BA99FE /* StorageKeys.swift in Sources */ = {isa = PBXBuildFile; fileRef = 2FC9758E2978D39D00BA99FE /* StorageKeys.swift */; };
		2FC975942978D4C900BA99FE /* CodableArray+RawRepresentable.swift in Sources */ = {isa = PBXBuildFile; fileRef = 2FC975932978D4C900BA99FE /* CodableArray+RawRepresentable.swift */; };
		2FC975962978D7CC00BA99FE /* Welcome.swift in Sources */ = {isa = PBXBuildFile; fileRef = 2FC975952978D7CC00BA99FE /* Welcome.swift */; };
		2FC975982978D7D300BA99FE /* InterestingModules.swift in Sources */ = {isa = PBXBuildFile; fileRef = 2FC975972978D7D300BA99FE /* InterestingModules.swift */; };
		2FC9759A2978D83500BA99FE /* Onboarding in Frameworks */ = {isa = PBXBuildFile; productRef = 2FC975992978D83500BA99FE /* Onboarding */; };
		2FC9759C2978DB5900BA99FE /* Binding+Negate.swift in Sources */ = {isa = PBXBuildFile; fileRef = 2FC9759B2978DB5900BA99FE /* Binding+Negate.swift */; };
		2FC9759F2978E39600BA99FE /* Localizable.strings in Resources */ = {isa = PBXBuildFile; fileRef = 2FC9759E2978E39600BA99FE /* Localizable.strings */; };
		2FC975A12978E94F00BA99FE /* Consent.swift in Sources */ = {isa = PBXBuildFile; fileRef = 2FC975A02978E94F00BA99FE /* Consent.swift */; };
		2FC975A52978EFB500BA99FE /* ConsentDocument.md in Resources */ = {isa = PBXBuildFile; fileRef = 2FC975A42978EFB500BA99FE /* ConsentDocument.md */; };
		2FC975A82978F11A00BA99FE /* Home.swift in Sources */ = {isa = PBXBuildFile; fileRef = 2FC975A72978F11A00BA99FE /* Home.swift */; };
		2FC975AA297A7D6500BA99FE /* Contacts.swift in Sources */ = {isa = PBXBuildFile; fileRef = 2FC975A9297A7D6500BA99FE /* Contacts.swift */; };
		2FC975AC297A7F4400BA99FE /* Contact in Frameworks */ = {isa = PBXBuildFile; productRef = 2FC975AB297A7F4400BA99FE /* Contact */; };
		653A2551283387FE005D4D48 /* TemplateApplication.swift in Sources */ = {isa = PBXBuildFile; fileRef = 653A2550283387FE005D4D48 /* TemplateApplication.swift */; };
		653A255528338800005D4D48 /* Assets.xcassets in Resources */ = {isa = PBXBuildFile; fileRef = 653A255428338800005D4D48 /* Assets.xcassets */; };
		653A256228338800005D4D48 /* TemplateApplicationTests.swift in Sources */ = {isa = PBXBuildFile; fileRef = 653A256128338800005D4D48 /* TemplateApplicationTests.swift */; };
		653A256C28338800005D4D48 /* TemplateApplicationUITests.swift in Sources */ = {isa = PBXBuildFile; fileRef = 653A256B28338800005D4D48 /* TemplateApplicationUITests.swift */; };
/* End PBXBuildFile section */

/* Begin PBXContainerItemProxy section */
		653A255E28338800005D4D48 /* PBXContainerItemProxy */ = {
			isa = PBXContainerItemProxy;
			containerPortal = 653A2545283387FE005D4D48 /* Project object */;
			proxyType = 1;
			remoteGlobalIDString = 653A254C283387FE005D4D48;
			remoteInfo = TemplateApplication;
		};
		653A256828338800005D4D48 /* PBXContainerItemProxy */ = {
			isa = PBXContainerItemProxy;
			containerPortal = 653A2545283387FE005D4D48 /* Project object */;
			proxyType = 1;
			remoteGlobalIDString = 653A254C283387FE005D4D48;
			remoteInfo = TemplateApplication;
		};
/* End PBXContainerItemProxy section */

/* Begin PBXFileReference section */
		2F49B74E297F8A9F00BCB272 /* QuestionnaireList.swift */ = {isa = PBXFileReference; lastKnownFileType = sourcecode.swift; path = QuestionnaireList.swift; sourceTree = "<group>"; };
		2F49B750297F8AF000BCB272 /* QuestionnaireResponseView.swift */ = {isa = PBXFileReference; lastKnownFileType = sourcecode.swift; path = QuestionnaireResponseView.swift; sourceTree = "<group>"; };
		2F5E32BC297E05EA003432F8 /* TemplateAppDelegate.swift */ = {isa = PBXFileReference; lastKnownFileType = sourcecode.swift; path = TemplateAppDelegate.swift; sourceTree = "<group>"; };
		2F5E32C4297E05EA003432F8 /* CardinalKit */ = {isa = PBXFileReference; lastKnownFileType = wrapper; name = CardinalKit; path = ../CardinalKit; sourceTree = "<group>"; };
		2FAEC07F297F583900C11C42 /* TemplateApplication.entitlements */ = {isa = PBXFileReference; lastKnownFileType = text.plist.entitlements; path = TemplateApplication.entitlements; sourceTree = "<group>"; };
		2FAEC080297F5BCF00C11C42 /* HealthKitPermissions.swift */ = {isa = PBXFileReference; lastKnownFileType = sourcecode.swift; path = HealthKitPermissions.swift; sourceTree = "<group>"; };
		2FAEC083297F874300C11C42 /* JSONView.swift */ = {isa = PBXFileReference; lastKnownFileType = sourcecode.swift; path = JSONView.swift; sourceTree = "<group>"; };
		2FAEC085297F87DE00C11C42 /* String+JSON.swift */ = {isa = PBXFileReference; lastKnownFileType = sourcecode.swift; path = "String+JSON.swift"; sourceTree = "<group>"; };
		2FAEC087297F880C00C11C42 /* QuestionnaireJSONView.swift */ = {isa = PBXFileReference; lastKnownFileType = sourcecode.swift; path = QuestionnaireJSONView.swift; sourceTree = "<group>"; };
		2FC9758B2978D34D00BA99FE /* OnboardingFlow.swift */ = {isa = PBXFileReference; lastKnownFileType = sourcecode.swift; path = OnboardingFlow.swift; sourceTree = "<group>"; };
		2FC9758E2978D39D00BA99FE /* StorageKeys.swift */ = {isa = PBXFileReference; lastKnownFileType = sourcecode.swift; path = StorageKeys.swift; sourceTree = "<group>"; };
		2FC975932978D4C900BA99FE /* CodableArray+RawRepresentable.swift */ = {isa = PBXFileReference; lastKnownFileType = sourcecode.swift; path = "CodableArray+RawRepresentable.swift"; sourceTree = "<group>"; };
		2FC975952978D7CC00BA99FE /* Welcome.swift */ = {isa = PBXFileReference; lastKnownFileType = sourcecode.swift; path = Welcome.swift; sourceTree = "<group>"; };
		2FC975972978D7D300BA99FE /* InterestingModules.swift */ = {isa = PBXFileReference; lastKnownFileType = sourcecode.swift; path = InterestingModules.swift; sourceTree = "<group>"; };
		2FC9759B2978DB5900BA99FE /* Binding+Negate.swift */ = {isa = PBXFileReference; lastKnownFileType = sourcecode.swift; path = "Binding+Negate.swift"; sourceTree = "<group>"; };
		2FC9759E2978E39600BA99FE /* Localizable.strings */ = {isa = PBXFileReference; lastKnownFileType = text.plist.strings; path = Localizable.strings; sourceTree = "<group>"; };
		2FC975A02978E94F00BA99FE /* Consent.swift */ = {isa = PBXFileReference; lastKnownFileType = sourcecode.swift; path = Consent.swift; sourceTree = "<group>"; };
		2FC975A42978EFB500BA99FE /* ConsentDocument.md */ = {isa = PBXFileReference; fileEncoding = 4; lastKnownFileType = net.daringfireball.markdown; path = ConsentDocument.md; sourceTree = "<group>"; };
		2FC975A72978F11A00BA99FE /* Home.swift */ = {isa = PBXFileReference; lastKnownFileType = sourcecode.swift; path = Home.swift; sourceTree = "<group>"; };
		2FC975A9297A7D6500BA99FE /* Contacts.swift */ = {isa = PBXFileReference; lastKnownFileType = sourcecode.swift; path = Contacts.swift; sourceTree = "<group>"; };
		653A254D283387FE005D4D48 /* TemplateApplication.app */ = {isa = PBXFileReference; explicitFileType = wrapper.application; includeInIndex = 0; path = TemplateApplication.app; sourceTree = BUILT_PRODUCTS_DIR; };
		653A2550283387FE005D4D48 /* TemplateApplication.swift */ = {isa = PBXFileReference; lastKnownFileType = sourcecode.swift; path = TemplateApplication.swift; sourceTree = "<group>"; };
		653A255428338800005D4D48 /* Assets.xcassets */ = {isa = PBXFileReference; lastKnownFileType = folder.assetcatalog; path = Assets.xcassets; sourceTree = "<group>"; };
		653A255D28338800005D4D48 /* TemplateApplicationTests.xctest */ = {isa = PBXFileReference; explicitFileType = wrapper.cfbundle; includeInIndex = 0; path = TemplateApplicationTests.xctest; sourceTree = BUILT_PRODUCTS_DIR; };
		653A256128338800005D4D48 /* TemplateApplicationTests.swift */ = {isa = PBXFileReference; lastKnownFileType = sourcecode.swift; path = TemplateApplicationTests.swift; sourceTree = "<group>"; };
		653A256728338800005D4D48 /* TemplateApplicationUITests.xctest */ = {isa = PBXFileReference; explicitFileType = wrapper.cfbundle; includeInIndex = 0; path = TemplateApplicationUITests.xctest; sourceTree = BUILT_PRODUCTS_DIR; };
		653A256B28338800005D4D48 /* TemplateApplicationUITests.swift */ = {isa = PBXFileReference; lastKnownFileType = sourcecode.swift; path = TemplateApplicationUITests.swift; sourceTree = "<group>"; };
		653A258928339462005D4D48 /* Info.plist */ = {isa = PBXFileReference; lastKnownFileType = text.plist.xml; path = Info.plist; sourceTree = "<group>"; };
/* End PBXFileReference section */

/* Begin PBXFrameworksBuildPhase section */
		653A254A283387FE005D4D48 /* Frameworks */ = {
			isa = PBXFrameworksBuildPhase;
			buildActionMask = 2147483647;
			files = (
				2F49B753297F8E3300BCB272 /* Questionnaires in Frameworks */,
				2FC975872978D26900BA99FE /* CardinalKit in Frameworks */,
				2FC975892978D26900BA99FE /* FHIR in Frameworks */,
				2FAEC07C297F55C800C11C42 /* HealthKitDataSource in Frameworks */,
				2FAEC08B297F885600C11C42 /* FHIRQuestionnaires in Frameworks */,
				2FAEC07E297F55C800C11C42 /* HealthKitToFHIRAdapter in Frameworks */,
				2FC9759A2978D83500BA99FE /* Onboarding in Frameworks */,
				2FC975AC297A7F4400BA99FE /* Contact in Frameworks */,
			);
			runOnlyForDeploymentPostprocessing = 0;
		};
		653A255A28338800005D4D48 /* Frameworks */ = {
			isa = PBXFrameworksBuildPhase;
			buildActionMask = 2147483647;
			files = (
			);
			runOnlyForDeploymentPostprocessing = 0;
		};
		653A256428338800005D4D48 /* Frameworks */ = {
			isa = PBXFrameworksBuildPhase;
			buildActionMask = 2147483647;
			files = (
			);
			runOnlyForDeploymentPostprocessing = 0;
		};
/* End PBXFrameworksBuildPhase section */

/* Begin PBXGroup section */
		2FAEC082297F85B600C11C42 /* Questionnaires */ = {
			isa = PBXGroup;
			children = (
				2FAEC083297F874300C11C42 /* JSONView.swift */,
				2FAEC085297F87DE00C11C42 /* String+JSON.swift */,
				2FAEC087297F880C00C11C42 /* QuestionnaireJSONView.swift */,
				2F49B750297F8AF000BCB272 /* QuestionnaireResponseView.swift */,
				2F49B74E297F8A9F00BCB272 /* QuestionnaireList.swift */,
			);
			path = Questionnaires;
			sourceTree = "<group>";
		};
		2FC9758A2978D34100BA99FE /* Onboarding Flow */ = {
			isa = PBXGroup;
			children = (
				2FC9758B2978D34D00BA99FE /* OnboardingFlow.swift */,
				2FC975952978D7CC00BA99FE /* Welcome.swift */,
				2FC975972978D7D300BA99FE /* InterestingModules.swift */,
				2FC975A02978E94F00BA99FE /* Consent.swift */,
				2FAEC080297F5BCF00C11C42 /* HealthKitPermissions.swift */,
			);
			path = "Onboarding Flow";
			sourceTree = "<group>";
		};
		2FC9758D2978D37900BA99FE /* Shared Context */ = {
			isa = PBXGroup;
			children = (
				2FC9758E2978D39D00BA99FE /* StorageKeys.swift */,
			);
			path = "Shared Context";
			sourceTree = "<group>";
		};
		2FC975922978D4C300BA99FE /* Extensions */ = {
			isa = PBXGroup;
			children = (
				2FC975932978D4C900BA99FE /* CodableArray+RawRepresentable.swift */,
				2FC9759B2978DB5900BA99FE /* Binding+Negate.swift */,
			);
			path = Extensions;
			sourceTree = "<group>";
		};
		2FC9759D2978E30800BA99FE /* Supporting Files */ = {
			isa = PBXGroup;
			children = (
				2FAEC07F297F583900C11C42 /* TemplateApplication.entitlements */,
				653A258928339462005D4D48 /* Info.plist */,
				653A255428338800005D4D48 /* Assets.xcassets */,
				2FC9759E2978E39600BA99FE /* Localizable.strings */,
				2FC975A42978EFB500BA99FE /* ConsentDocument.md */,
			);
			path = "Supporting Files";
			sourceTree = "<group>";
		};
		2FC975A62978F10300BA99FE /* Contact Views */ = {
			isa = PBXGroup;
			children = (
				2FC975A9297A7D6500BA99FE /* Contacts.swift */,
			);
			path = "Contact Views";
			sourceTree = "<group>";
		};
		653A2544283387FE005D4D48 = {
			isa = PBXGroup;
			children = (
				2F5E32C4297E05EA003432F8 /* CardinalKit */,
				653A254F283387FE005D4D48 /* TemplateApplication */,
				653A256028338800005D4D48 /* TemplateApplicationTests */,
				653A256A28338800005D4D48 /* TemplateApplicationUITests */,
				653A254E283387FE005D4D48 /* Products */,
				653A258B283395A7005D4D48 /* Frameworks */,
			);
			sourceTree = "<group>";
		};
		653A254E283387FE005D4D48 /* Products */ = {
			isa = PBXGroup;
			children = (
				653A254D283387FE005D4D48 /* TemplateApplication.app */,
				653A255D28338800005D4D48 /* TemplateApplicationTests.xctest */,
				653A256728338800005D4D48 /* TemplateApplicationUITests.xctest */,
			);
			name = Products;
			sourceTree = "<group>";
		};
		653A254F283387FE005D4D48 /* TemplateApplication */ = {
			isa = PBXGroup;
			children = (
				2FAEC082297F85B600C11C42 /* Questionnaires */,
				2FC975A62978F10300BA99FE /* Contact Views */,
				2FC9759D2978E30800BA99FE /* Supporting Files */,
				2FC975922978D4C300BA99FE /* Extensions */,
				2FC9758D2978D37900BA99FE /* Shared Context */,
				2FC9758A2978D34100BA99FE /* Onboarding Flow */,
				653A2550283387FE005D4D48 /* TemplateApplication.swift */,
				2F5E32BC297E05EA003432F8 /* TemplateAppDelegate.swift */,
				2FC975A72978F11A00BA99FE /* Home.swift */,
			);
			path = TemplateApplication;
			sourceTree = "<group>";
		};
		653A256028338800005D4D48 /* TemplateApplicationTests */ = {
			isa = PBXGroup;
			children = (
				653A256128338800005D4D48 /* TemplateApplicationTests.swift */,
			);
			path = TemplateApplicationTests;
			sourceTree = "<group>";
		};
		653A256A28338800005D4D48 /* TemplateApplicationUITests */ = {
			isa = PBXGroup;
			children = (
				653A256B28338800005D4D48 /* TemplateApplicationUITests.swift */,
			);
			path = TemplateApplicationUITests;
			sourceTree = "<group>";
		};
		653A258B283395A7005D4D48 /* Frameworks */ = {
			isa = PBXGroup;
			children = (
			);
			name = Frameworks;
			sourceTree = "<group>";
		};
/* End PBXGroup section */

/* Begin PBXNativeTarget section */
		653A254C283387FE005D4D48 /* TemplateApplication */ = {
			isa = PBXNativeTarget;
			buildConfigurationList = 653A257128338800005D4D48 /* Build configuration list for PBXNativeTarget "TemplateApplication" */;
			buildPhases = (
				653A2549283387FE005D4D48 /* Sources */,
				653A254A283387FE005D4D48 /* Frameworks */,
				653A254B283387FE005D4D48 /* Resources */,
			);
			buildRules = (
			);
			dependencies = (
			);
			name = TemplateApplication;
			packageProductDependencies = (
				2FC975862978D26900BA99FE /* CardinalKit */,
				2FC975882978D26900BA99FE /* FHIR */,
				2FC975992978D83500BA99FE /* Onboarding */,
				2FC975AB297A7F4400BA99FE /* Contact */,
				2FAEC07B297F55C800C11C42 /* HealthKitDataSource */,
				2FAEC07D297F55C800C11C42 /* HealthKitToFHIRAdapter */,
				2FAEC08A297F885600C11C42 /* FHIRQuestionnaires */,
				2F49B752297F8E3300BCB272 /* Questionnaires */,
			);
			productName = TemplateApplication;
			productReference = 653A254D283387FE005D4D48 /* TemplateApplication.app */;
			productType = "com.apple.product-type.application";
		};
		653A255C28338800005D4D48 /* TemplateApplicationTests */ = {
			isa = PBXNativeTarget;
			buildConfigurationList = 653A257428338800005D4D48 /* Build configuration list for PBXNativeTarget "TemplateApplicationTests" */;
			buildPhases = (
				653A255928338800005D4D48 /* Sources */,
				653A255A28338800005D4D48 /* Frameworks */,
				653A255B28338800005D4D48 /* Resources */,
			);
			buildRules = (
			);
			dependencies = (
				653A255F28338800005D4D48 /* PBXTargetDependency */,
			);
			name = TemplateApplicationTests;
			productName = TemplateApplicationTests;
			productReference = 653A255D28338800005D4D48 /* TemplateApplicationTests.xctest */;
			productType = "com.apple.product-type.bundle.unit-test";
		};
		653A256628338800005D4D48 /* TemplateApplicationUITests */ = {
			isa = PBXNativeTarget;
			buildConfigurationList = 653A257728338800005D4D48 /* Build configuration list for PBXNativeTarget "TemplateApplicationUITests" */;
			buildPhases = (
				653A256328338800005D4D48 /* Sources */,
				653A256428338800005D4D48 /* Frameworks */,
				653A256528338800005D4D48 /* Resources */,
			);
			buildRules = (
			);
			dependencies = (
				653A256928338800005D4D48 /* PBXTargetDependency */,
			);
			name = TemplateApplicationUITests;
			packageProductDependencies = (
			);
			productName = TemplateApplicationUITests;
			productReference = 653A256728338800005D4D48 /* TemplateApplicationUITests.xctest */;
			productType = "com.apple.product-type.bundle.ui-testing";
		};
/* End PBXNativeTarget section */

/* Begin PBXProject section */
		653A2545283387FE005D4D48 /* Project object */ = {
			isa = PBXProject;
			attributes = {
				BuildIndependentTargetsInParallel = 1;
				LastSwiftUpdateCheck = 1340;
				LastUpgradeCheck = 1340;
				TargetAttributes = {
					653A254C283387FE005D4D48 = {
						CreatedOnToolsVersion = 13.4;
					};
					653A255C28338800005D4D48 = {
						CreatedOnToolsVersion = 13.4;
						TestTargetID = 653A254C283387FE005D4D48;
					};
					653A256628338800005D4D48 = {
						CreatedOnToolsVersion = 13.4;
						TestTargetID = 653A254C283387FE005D4D48;
					};
				};
			};
			buildConfigurationList = 653A2548283387FE005D4D48 /* Build configuration list for PBXProject "TemplateApplication" */;
			compatibilityVersion = "Xcode 13.0";
			developmentRegion = en;
			hasScannedForEncodings = 0;
			knownRegions = (
				en,
				Base,
			);
			mainGroup = 653A2544283387FE005D4D48;
			packageReferences = (
				2FAEC089297F885600C11C42 /* XCRemoteSwiftPackageReference "ResearchKitOnFHIR" */,
			);
			productRefGroup = 653A254E283387FE005D4D48 /* Products */;
			projectDirPath = "";
			projectRoot = "";
			targets = (
				653A254C283387FE005D4D48 /* TemplateApplication */,
				653A255C28338800005D4D48 /* TemplateApplicationTests */,
				653A256628338800005D4D48 /* TemplateApplicationUITests */,
			);
		};
/* End PBXProject section */

/* Begin PBXResourcesBuildPhase section */
		653A254B283387FE005D4D48 /* Resources */ = {
			isa = PBXResourcesBuildPhase;
			buildActionMask = 2147483647;
			files = (
				2FC975A52978EFB500BA99FE /* ConsentDocument.md in Resources */,
				653A255528338800005D4D48 /* Assets.xcassets in Resources */,
				2FC9759F2978E39600BA99FE /* Localizable.strings in Resources */,
			);
			runOnlyForDeploymentPostprocessing = 0;
		};
		653A255B28338800005D4D48 /* Resources */ = {
			isa = PBXResourcesBuildPhase;
			buildActionMask = 2147483647;
			files = (
			);
			runOnlyForDeploymentPostprocessing = 0;
		};
		653A256528338800005D4D48 /* Resources */ = {
			isa = PBXResourcesBuildPhase;
			buildActionMask = 2147483647;
			files = (
			);
			runOnlyForDeploymentPostprocessing = 0;
		};
/* End PBXResourcesBuildPhase section */

/* Begin PBXSourcesBuildPhase section */
		653A2549283387FE005D4D48 /* Sources */ = {
			isa = PBXSourcesBuildPhase;
			buildActionMask = 2147483647;
			files = (
				2FC975A12978E94F00BA99FE /* Consent.swift in Sources */,
				2FAEC084297F874300C11C42 /* JSONView.swift in Sources */,
				2FC975942978D4C900BA99FE /* CodableArray+RawRepresentable.swift in Sources */,
				2FC9759C2978DB5900BA99FE /* Binding+Negate.swift in Sources */,
				2FC975A82978F11A00BA99FE /* Home.swift in Sources */,
				2F49B74F297F8A9F00BCB272 /* QuestionnaireList.swift in Sources */,
				2FC975962978D7CC00BA99FE /* Welcome.swift in Sources */,
				2FC9758C2978D34D00BA99FE /* OnboardingFlow.swift in Sources */,
				2FC975AA297A7D6500BA99FE /* Contacts.swift in Sources */,
				2FC9758F2978D39D00BA99FE /* StorageKeys.swift in Sources */,
				2FAEC086297F87DE00C11C42 /* String+JSON.swift in Sources */,
				2F5E32BD297E05EA003432F8 /* TemplateAppDelegate.swift in Sources */,
				653A2551283387FE005D4D48 /* TemplateApplication.swift in Sources */,
				2F49B751297F8AF000BCB272 /* QuestionnaireResponseView.swift in Sources */,
				2FAEC088297F880C00C11C42 /* QuestionnaireJSONView.swift in Sources */,
				2FC975982978D7D300BA99FE /* InterestingModules.swift in Sources */,
				2FAEC081297F5BCF00C11C42 /* HealthKitPermissions.swift in Sources */,
			);
			runOnlyForDeploymentPostprocessing = 0;
		};
		653A255928338800005D4D48 /* Sources */ = {
			isa = PBXSourcesBuildPhase;
			buildActionMask = 2147483647;
			files = (
				653A256228338800005D4D48 /* TemplateApplicationTests.swift in Sources */,
			);
			runOnlyForDeploymentPostprocessing = 0;
		};
		653A256328338800005D4D48 /* Sources */ = {
			isa = PBXSourcesBuildPhase;
			buildActionMask = 2147483647;
			files = (
				653A256C28338800005D4D48 /* TemplateApplicationUITests.swift in Sources */,
			);
			runOnlyForDeploymentPostprocessing = 0;
		};
/* End PBXSourcesBuildPhase section */

/* Begin PBXTargetDependency section */
		653A255F28338800005D4D48 /* PBXTargetDependency */ = {
			isa = PBXTargetDependency;
			target = 653A254C283387FE005D4D48 /* TemplateApplication */;
			targetProxy = 653A255E28338800005D4D48 /* PBXContainerItemProxy */;
		};
		653A256928338800005D4D48 /* PBXTargetDependency */ = {
			isa = PBXTargetDependency;
			target = 653A254C283387FE005D4D48 /* TemplateApplication */;
			targetProxy = 653A256828338800005D4D48 /* PBXContainerItemProxy */;
		};
/* End PBXTargetDependency section */

/* Begin XCBuildConfiguration section */
		653A256F28338800005D4D48 /* Debug */ = {
			isa = XCBuildConfiguration;
			buildSettings = {
				ALWAYS_SEARCH_USER_PATHS = NO;
				CLANG_ANALYZER_NONNULL = YES;
				CLANG_ANALYZER_NUMBER_OBJECT_CONVERSION = YES_AGGRESSIVE;
				CLANG_CXX_LANGUAGE_STANDARD = "gnu++17";
				CLANG_ENABLE_MODULES = YES;
				CLANG_ENABLE_OBJC_ARC = YES;
				CLANG_ENABLE_OBJC_WEAK = YES;
				CLANG_WARN_BLOCK_CAPTURE_AUTORELEASING = YES;
				CLANG_WARN_BOOL_CONVERSION = YES;
				CLANG_WARN_COMMA = YES;
				CLANG_WARN_CONSTANT_CONVERSION = YES;
				CLANG_WARN_DEPRECATED_OBJC_IMPLEMENTATIONS = YES;
				CLANG_WARN_DIRECT_OBJC_ISA_USAGE = YES_ERROR;
				CLANG_WARN_DOCUMENTATION_COMMENTS = YES;
				CLANG_WARN_EMPTY_BODY = YES;
				CLANG_WARN_ENUM_CONVERSION = YES;
				CLANG_WARN_INFINITE_RECURSION = YES;
				CLANG_WARN_INT_CONVERSION = YES;
				CLANG_WARN_NON_LITERAL_NULL_CONVERSION = YES;
				CLANG_WARN_OBJC_IMPLICIT_RETAIN_SELF = YES;
				CLANG_WARN_OBJC_LITERAL_CONVERSION = YES;
				CLANG_WARN_OBJC_ROOT_CLASS = YES_ERROR;
				CLANG_WARN_QUOTED_INCLUDE_IN_FRAMEWORK_HEADER = YES;
				CLANG_WARN_RANGE_LOOP_ANALYSIS = YES;
				CLANG_WARN_STRICT_PROTOTYPES = YES;
				CLANG_WARN_SUSPICIOUS_MOVE = YES;
				CLANG_WARN_UNGUARDED_AVAILABILITY = YES_AGGRESSIVE;
				CLANG_WARN_UNREACHABLE_CODE = YES;
				CLANG_WARN__DUPLICATE_METHOD_MATCH = YES;
				COPY_PHASE_STRIP = NO;
				DEBUG_INFORMATION_FORMAT = dwarf;
				ENABLE_STRICT_OBJC_MSGSEND = YES;
				ENABLE_TESTABILITY = YES;
				GCC_C_LANGUAGE_STANDARD = gnu11;
				GCC_DYNAMIC_NO_PIC = NO;
				GCC_NO_COMMON_BLOCKS = YES;
				GCC_OPTIMIZATION_LEVEL = 0;
				GCC_PREPROCESSOR_DEFINITIONS = (
					"DEBUG=1",
					"$(inherited)",
				);
				GCC_WARN_64_TO_32_BIT_CONVERSION = YES;
				GCC_WARN_ABOUT_RETURN_TYPE = YES_ERROR;
				GCC_WARN_UNDECLARED_SELECTOR = YES;
				GCC_WARN_UNINITIALIZED_AUTOS = YES_AGGRESSIVE;
				GCC_WARN_UNUSED_FUNCTION = YES;
				GCC_WARN_UNUSED_VARIABLE = YES;
				IPHONEOS_DEPLOYMENT_TARGET = 16.2;
				MTL_ENABLE_DEBUG_INFO = INCLUDE_SOURCE;
				MTL_FAST_MATH = YES;
				ONLY_ACTIVE_ARCH = YES;
				SDKROOT = iphoneos;
				SWIFT_ACTIVE_COMPILATION_CONDITIONS = DEBUG;
				SWIFT_OPTIMIZATION_LEVEL = "-Onone";
			};
			name = Debug;
		};
		653A257028338800005D4D48 /* Release */ = {
			isa = XCBuildConfiguration;
			buildSettings = {
				ALWAYS_SEARCH_USER_PATHS = NO;
				CLANG_ANALYZER_NONNULL = YES;
				CLANG_ANALYZER_NUMBER_OBJECT_CONVERSION = YES_AGGRESSIVE;
				CLANG_CXX_LANGUAGE_STANDARD = "gnu++17";
				CLANG_ENABLE_MODULES = YES;
				CLANG_ENABLE_OBJC_ARC = YES;
				CLANG_ENABLE_OBJC_WEAK = YES;
				CLANG_WARN_BLOCK_CAPTURE_AUTORELEASING = YES;
				CLANG_WARN_BOOL_CONVERSION = YES;
				CLANG_WARN_COMMA = YES;
				CLANG_WARN_CONSTANT_CONVERSION = YES;
				CLANG_WARN_DEPRECATED_OBJC_IMPLEMENTATIONS = YES;
				CLANG_WARN_DIRECT_OBJC_ISA_USAGE = YES_ERROR;
				CLANG_WARN_DOCUMENTATION_COMMENTS = YES;
				CLANG_WARN_EMPTY_BODY = YES;
				CLANG_WARN_ENUM_CONVERSION = YES;
				CLANG_WARN_INFINITE_RECURSION = YES;
				CLANG_WARN_INT_CONVERSION = YES;
				CLANG_WARN_NON_LITERAL_NULL_CONVERSION = YES;
				CLANG_WARN_OBJC_IMPLICIT_RETAIN_SELF = YES;
				CLANG_WARN_OBJC_LITERAL_CONVERSION = YES;
				CLANG_WARN_OBJC_ROOT_CLASS = YES_ERROR;
				CLANG_WARN_QUOTED_INCLUDE_IN_FRAMEWORK_HEADER = YES;
				CLANG_WARN_RANGE_LOOP_ANALYSIS = YES;
				CLANG_WARN_STRICT_PROTOTYPES = YES;
				CLANG_WARN_SUSPICIOUS_MOVE = YES;
				CLANG_WARN_UNGUARDED_AVAILABILITY = YES_AGGRESSIVE;
				CLANG_WARN_UNREACHABLE_CODE = YES;
				CLANG_WARN__DUPLICATE_METHOD_MATCH = YES;
				COPY_PHASE_STRIP = NO;
				DEBUG_INFORMATION_FORMAT = "dwarf-with-dsym";
				ENABLE_NS_ASSERTIONS = NO;
				ENABLE_STRICT_OBJC_MSGSEND = YES;
				GCC_C_LANGUAGE_STANDARD = gnu11;
				GCC_NO_COMMON_BLOCKS = YES;
				GCC_WARN_64_TO_32_BIT_CONVERSION = YES;
				GCC_WARN_ABOUT_RETURN_TYPE = YES_ERROR;
				GCC_WARN_UNDECLARED_SELECTOR = YES;
				GCC_WARN_UNINITIALIZED_AUTOS = YES_AGGRESSIVE;
				GCC_WARN_UNUSED_FUNCTION = YES;
				GCC_WARN_UNUSED_VARIABLE = YES;
				IPHONEOS_DEPLOYMENT_TARGET = 16.2;
				MTL_ENABLE_DEBUG_INFO = NO;
				MTL_FAST_MATH = YES;
				SDKROOT = iphoneos;
				SWIFT_COMPILATION_MODE = wholemodule;
				SWIFT_OPTIMIZATION_LEVEL = "-O";
				VALIDATE_PRODUCT = YES;
			};
			name = Release;
		};
		653A257228338800005D4D48 /* Debug */ = {
			isa = XCBuildConfiguration;
			buildSettings = {
				ASSETCATALOG_COMPILER_APPICON_NAME = AppIcon;
				ASSETCATALOG_COMPILER_GLOBAL_ACCENT_COLOR_NAME = AccentColor;
				CODE_SIGN_ENTITLEMENTS = "TemplateApplication/Supporting Files/TemplateApplication.entitlements";
				CODE_SIGN_IDENTITY = "Apple Development";
				CODE_SIGN_STYLE = Automatic;
				CURRENT_PROJECT_VERSION = 1;
				DEVELOPMENT_ASSET_PATHS = "";
				DEVELOPMENT_TEAM = "";
				ENABLE_PREVIEWS = YES;
				GENERATE_INFOPLIST_FILE = YES;
				INFOPLIST_FILE = "TemplateApplication/Supporting Files/Info.plist";
				INFOPLIST_KEY_UILaunchScreen_Generation = YES;
				INFOPLIST_KEY_UISupportedInterfaceOrientations = UIInterfaceOrientationPortrait;
				INFOPLIST_KEY_UISupportedInterfaceOrientations_iPad = "UIInterfaceOrientationLandscapeLeft UIInterfaceOrientationLandscapeRight UIInterfaceOrientationPortrait UIInterfaceOrientationPortraitUpsideDown";
				INFOPLIST_KEY_UITemplateApplicationlicationSceneManifest_Generation = YES;
				INFOPLIST_KEY_UITemplateApplicationlicationSupportsIndirectInputEvents = YES;
				IPHONEOS_DEPLOYMENT_TARGET = 16.2;
				LD_RUNPATH_SEARCH_PATHS = (
					"$(inherited)",
					"@executable_path/Frameworks",
				);
				MARKETING_VERSION = 1.0;
				PRODUCT_BUNDLE_IDENTIFIER = edu.stanford.cardinalkittemplateapplication;
				PRODUCT_NAME = "$(TARGET_NAME)";
				PROVISIONING_PROFILE_SPECIFIER = "";
				SUPPORTED_PLATFORMS = "iphoneos iphonesimulator";
				SUPPORTS_MACCATALYST = NO;
				SUPPORTS_MAC_DESIGNED_FOR_IPHONE_IPAD = NO;
				"SWIFT_ELicenseRef-TemplateApplication_LOC_STRINGS" = YES;
				SWIFT_VERSION = 5.0;
				TARGETED_DEVICE_FAMILY = 1;
			};
			name = Debug;
		};
		653A257328338800005D4D48 /* Release */ = {
			isa = XCBuildConfiguration;
			buildSettings = {
				ASSETCATALOG_COMPILER_APPICON_NAME = AppIcon;
				ASSETCATALOG_COMPILER_GLOBAL_ACCENT_COLOR_NAME = AccentColor;
				CODE_SIGN_ENTITLEMENTS = "TemplateApplication/Supporting Files/TemplateApplication.entitlements";
				"CODE_SIGN_IDENTITY[sdk=iphoneos*]" = "iPhone Distribution";
				CODE_SIGN_STYLE = Manual;
				CURRENT_PROJECT_VERSION = 1;
				DEVELOPMENT_ASSET_PATHS = "";
				DEVELOPMENT_TEAM = "";
				"DEVELOPMENT_TEAM[sdk=iphoneos*]" = 637867499T;
				ENABLE_PREVIEWS = YES;
				GENERATE_INFOPLIST_FILE = YES;
				INFOPLIST_FILE = "TemplateApplication/Supporting Files/Info.plist";
				INFOPLIST_KEY_UILaunchScreen_Generation = YES;
				INFOPLIST_KEY_UISupportedInterfaceOrientations = UIInterfaceOrientationPortrait;
				INFOPLIST_KEY_UISupportedInterfaceOrientations_iPad = "UIInterfaceOrientationLandscapeLeft UIInterfaceOrientationLandscapeRight UIInterfaceOrientationPortrait UIInterfaceOrientationPortraitUpsideDown";
				INFOPLIST_KEY_UITemplateApplicationlicationSceneManifest_Generation = YES;
				INFOPLIST_KEY_UITemplateApplicationlicationSupportsIndirectInputEvents = YES;
				IPHONEOS_DEPLOYMENT_TARGET = 16.2;
				LD_RUNPATH_SEARCH_PATHS = (
					"$(inherited)",
					"@executable_path/Frameworks",
				);
				MARKETING_VERSION = 1.0;
				PRODUCT_BUNDLE_IDENTIFIER = edu.stanford.cardinalkittemplateapplication;
				PRODUCT_NAME = "$(TARGET_NAME)";
				PROVISIONING_PROFILE_SPECIFIER = "";
				"PROVISIONING_PROFILE_SPECIFIER[sdk=iphoneos*]" = "CardinalKit Template Application";
				SUPPORTED_PLATFORMS = "iphoneos iphonesimulator";
				SUPPORTS_MACCATALYST = NO;
				SUPPORTS_MAC_DESIGNED_FOR_IPHONE_IPAD = NO;
				"SWIFT_ELicenseRef-TemplateApplication_LOC_STRINGS" = YES;
				SWIFT_VERSION = 5.0;
				TARGETED_DEVICE_FAMILY = 1;
			};
			name = Release;
		};
		653A257528338800005D4D48 /* Debug */ = {
			isa = XCBuildConfiguration;
			buildSettings = {
				ALWAYS_EMBED_SWIFT_STANDARD_LIBRARIES = YES;
				BUNDLE_LOADER = "$(TEST_HOST)";
				CODE_SIGN_STYLE = Automatic;
				CURRENT_PROJECT_VERSION = 1;
				DEVELOPMENT_TEAM = 637867499T;
				GENERATE_INFOPLIST_FILE = YES;
				IPHONEOS_DEPLOYMENT_TARGET = 16.2;
				MARKETING_VERSION = 1.0;
				PRODUCT_BUNDLE_IDENTIFIER = com.schmiedmayer.TemplateApplicationTests;
				PRODUCT_NAME = "$(TARGET_NAME)";
				"SWIFT_ELicenseRef-TemplateApplication_LOC_STRINGS" = NO;
				SWIFT_VERSION = 5.0;
				TARGETED_DEVICE_FAMILY = "1,2";
				TEST_HOST = "$(BUILT_PRODUCTS_DIR)/TemplateApplication.app/TemplateApplication";
			};
			name = Debug;
		};
		653A257628338800005D4D48 /* Release */ = {
			isa = XCBuildConfiguration;
			buildSettings = {
				ALWAYS_EMBED_SWIFT_STANDARD_LIBRARIES = YES;
				BUNDLE_LOADER = "$(TEST_HOST)";
				CODE_SIGN_STYLE = Automatic;
				CURRENT_PROJECT_VERSION = 1;
				DEVELOPMENT_TEAM = 637867499T;
				GENERATE_INFOPLIST_FILE = YES;
				IPHONEOS_DEPLOYMENT_TARGET = 16.2;
				MARKETING_VERSION = 1.0;
				PRODUCT_BUNDLE_IDENTIFIER = com.schmiedmayer.TemplateApplicationTests;
				PRODUCT_NAME = "$(TARGET_NAME)";
				"SWIFT_ELicenseRef-TemplateApplication_LOC_STRINGS" = NO;
				SWIFT_VERSION = 5.0;
				TARGETED_DEVICE_FAMILY = "1,2";
				TEST_HOST = "$(BUILT_PRODUCTS_DIR)/TemplateApplication.app/TemplateApplication";
			};
			name = Release;
		};
		653A257828338800005D4D48 /* Debug */ = {
			isa = XCBuildConfiguration;
			buildSettings = {
				ALWAYS_EMBED_SWIFT_STANDARD_LIBRARIES = YES;
				CODE_SIGN_STYLE = Automatic;
				CURRENT_PROJECT_VERSION = 1;
				DEVELOPMENT_TEAM = 637867499T;
				GENERATE_INFOPLIST_FILE = YES;
				IPHONEOS_DEPLOYMENT_TARGET = 16.2;
				MARKETING_VERSION = 1.0;
				PRODUCT_BUNDLE_IDENTIFIER = com.schmiedmayer.TemplateApplicationUITests;
				PRODUCT_NAME = "$(TARGET_NAME)";
				"SWIFT_ELicenseRef-TemplateApplication_LOC_STRINGS" = NO;
				SWIFT_VERSION = 5.0;
				TARGETED_DEVICE_FAMILY = "1,2";
				TEST_TARGET_NAME = TemplateApplication;
			};
			name = Debug;
		};
		653A257928338800005D4D48 /* Release */ = {
			isa = XCBuildConfiguration;
			buildSettings = {
				ALWAYS_EMBED_SWIFT_STANDARD_LIBRARIES = YES;
				CODE_SIGN_STYLE = Automatic;
				CURRENT_PROJECT_VERSION = 1;
				DEVELOPMENT_TEAM = 637867499T;
				GENERATE_INFOPLIST_FILE = YES;
				IPHONEOS_DEPLOYMENT_TARGET = 16.2;
				MARKETING_VERSION = 1.0;
				PRODUCT_BUNDLE_IDENTIFIER = com.schmiedmayer.TemplateApplicationUITests;
				PRODUCT_NAME = "$(TARGET_NAME)";
				"SWIFT_ELicenseRef-TemplateApplication_LOC_STRINGS" = NO;
				SWIFT_VERSION = 5.0;
				TARGETED_DEVICE_FAMILY = "1,2";
				TEST_TARGET_NAME = TemplateApplication;
			};
			name = Release;
		};
/* End XCBuildConfiguration section */

/* Begin XCConfigurationList section */
		653A2548283387FE005D4D48 /* Build configuration list for PBXProject "TemplateApplication" */ = {
			isa = XCConfigurationList;
			buildConfigurations = (
				653A256F28338800005D4D48 /* Debug */,
				653A257028338800005D4D48 /* Release */,
			);
			defaultConfigurationIsVisible = 0;
			defaultConfigurationName = Release;
		};
		653A257128338800005D4D48 /* Build configuration list for PBXNativeTarget "TemplateApplication" */ = {
			isa = XCConfigurationList;
			buildConfigurations = (
				653A257228338800005D4D48 /* Debug */,
				653A257328338800005D4D48 /* Release */,
			);
			defaultConfigurationIsVisible = 0;
			defaultConfigurationName = Release;
		};
		653A257428338800005D4D48 /* Build configuration list for PBXNativeTarget "TemplateApplicationTests" */ = {
			isa = XCConfigurationList;
			buildConfigurations = (
				653A257528338800005D4D48 /* Debug */,
				653A257628338800005D4D48 /* Release */,
			);
			defaultConfigurationIsVisible = 0;
			defaultConfigurationName = Release;
		};
		653A257728338800005D4D48 /* Build configuration list for PBXNativeTarget "TemplateApplicationUITests" */ = {
			isa = XCConfigurationList;
			buildConfigurations = (
				653A257828338800005D4D48 /* Debug */,
				653A257928338800005D4D48 /* Release */,
			);
			defaultConfigurationIsVisible = 0;
			defaultConfigurationName = Release;
		};
/* End XCConfigurationList section */

/* Begin XCRemoteSwiftPackageReference section */
		2FAEC089297F885600C11C42 /* XCRemoteSwiftPackageReference "ResearchKitOnFHIR" */ = {
			isa = XCRemoteSwiftPackageReference;
			repositoryURL = "https://github.com/StanfordBDHG/ResearchKitOnFHIR";
			requirement = {
				kind = upToNextMinorVersion;
				minimumVersion = 0.1.5;
			};
		};
/* End XCRemoteSwiftPackageReference section */

/* Begin XCSwiftPackageProductDependency section */
		2F49B752297F8E3300BCB272 /* Questionnaires */ = {
			isa = XCSwiftPackageProductDependency;
			productName = Questionnaires;
		};
		2FAEC07B297F55C800C11C42 /* HealthKitDataSource */ = {
			isa = XCSwiftPackageProductDependency;
			productName = HealthKitDataSource;
		};
		2FAEC07D297F55C800C11C42 /* HealthKitToFHIRAdapter */ = {
			isa = XCSwiftPackageProductDependency;
			productName = HealthKitToFHIRAdapter;
		};
		2FAEC08A297F885600C11C42 /* FHIRQuestionnaires */ = {
			isa = XCSwiftPackageProductDependency;
			package = 2FAEC089297F885600C11C42 /* XCRemoteSwiftPackageReference "ResearchKitOnFHIR" */;
			productName = FHIRQuestionnaires;
		};
		2FC975862978D26900BA99FE /* CardinalKit */ = {
			isa = XCSwiftPackageProductDependency;
			productName = CardinalKit;
		};
		2FC975882978D26900BA99FE /* FHIR */ = {
			isa = XCSwiftPackageProductDependency;
			productName = FHIR;
		};
		2FC975992978D83500BA99FE /* Onboarding */ = {
			isa = XCSwiftPackageProductDependency;
			productName = Onboarding;
		};
		2FC975AB297A7F4400BA99FE /* Contact */ = {
			isa = XCSwiftPackageProductDependency;
			productName = Contact;
		};
/* End XCSwiftPackageProductDependency section */
	};
	rootObject = 653A2545283387FE005D4D48 /* Project object */;
}
