// !$*UTF8*$!
{
	archiveVersion = 1;
	classes = {
	};
	objectVersion = 55;
	objects = {

/* Begin PBXBuildFile section */
		2F38E234298047DA00E05C29 /* TemplateSharedContext in Frameworks */ = {isa = PBXBuildFile; productRef = 2F38E233298047DA00E05C29 /* TemplateSharedContext */; };
		2F38E236298048E500E05C29 /* TemplateMockDataStorageProvider in Frameworks */ = {isa = PBXBuildFile; productRef = 2F38E235298048E500E05C29 /* TemplateMockDataStorageProvider */; };
		2F38E23829804AA300E05C29 /* TemplateContacts in Frameworks */ = {isa = PBXBuildFile; productRef = 2F38E23729804AA300E05C29 /* TemplateContacts */; };
		2F38E23A29804AE300E05C29 /* TemplateOnboardingFlow in Frameworks */ = {isa = PBXBuildFile; productRef = 2F38E23929804AE300E05C29 /* TemplateOnboardingFlow */; };
		2F38E23C29804EFA00E05C29 /* TemplateSchedule in Frameworks */ = {isa = PBXBuildFile; productRef = 2F38E23B29804EFA00E05C29 /* TemplateSchedule */; };
		2F49B7762980407C00BCB272 /* CardinalKit in Frameworks */ = {isa = PBXBuildFile; productRef = 2F49B7752980407B00BCB272 /* CardinalKit */; };
		2F49B7782980407C00BCB272 /* FHIR in Frameworks */ = {isa = PBXBuildFile; productRef = 2F49B7772980407C00BCB272 /* FHIR */; };
		2F49B77A2980407C00BCB272 /* HealthKitDataSource in Frameworks */ = {isa = PBXBuildFile; productRef = 2F49B7792980407C00BCB272 /* HealthKitDataSource */; };
		2F49B77C2980407C00BCB272 /* HealthKitToFHIRAdapter in Frameworks */ = {isa = PBXBuildFile; productRef = 2F49B77B2980407C00BCB272 /* HealthKitToFHIRAdapter */; };
		2F49B77E2980407C00BCB272 /* Scheduler in Frameworks */ = {isa = PBXBuildFile; productRef = 2F49B77D2980407C00BCB272 /* Scheduler */; };
		2F49B7802980418400BCB272 /* Onboarding in Frameworks */ = {isa = PBXBuildFile; productRef = 2F49B77F2980418400BCB272 /* Onboarding */; };
		2F49B7822980419C00BCB272 /* Questionnaires in Frameworks */ = {isa = PBXBuildFile; productRef = 2F49B7812980419C00BCB272 /* Questionnaires */; };
		2F49B784298041F300BCB272 /* Contact in Frameworks */ = {isa = PBXBuildFile; productRef = 2F49B783298041F300BCB272 /* Contact */; };
		2F4E237E2989A2FE0013F3D9 /* OnboardingTests.swift in Sources */ = {isa = PBXBuildFile; fileRef = 2F4E237D2989A2FE0013F3D9 /* OnboardingTests.swift */; };
		2F4E23812989C5930013F3D9 /* XCTHealthKit in Frameworks */ = {isa = PBXBuildFile; productRef = 2F4E23802989C5930013F3D9 /* XCTHealthKit */; };
		2F4E23832989D51F0013F3D9 /* TemplateAppTestingSetup.swift in Sources */ = {isa = PBXBuildFile; fileRef = 2F4E23822989D51F0013F3D9 /* TemplateAppTestingSetup.swift */; };
		2F4E23852989D9130013F3D9 /* XCUIApplication+DeleteAndLaunch.swift in Sources */ = {isa = PBXBuildFile; fileRef = 2F4E23842989D9130013F3D9 /* XCUIApplication+DeleteAndLaunch.swift */; };
		2F4E23872989DB360013F3D9 /* ContactsTests.swift in Sources */ = {isa = PBXBuildFile; fileRef = 2F4E23862989DB360013F3D9 /* ContactsTests.swift */; };
		2F4E23892989DB400013F3D9 /* HealthKitUploadTests.swift in Sources */ = {isa = PBXBuildFile; fileRef = 2F4E23882989DB400013F3D9 /* HealthKitUploadTests.swift */; };
		2F5E32BD297E05EA003432F8 /* TemplateAppDelegate.swift in Sources */ = {isa = PBXBuildFile; fileRef = 2F5E32BC297E05EA003432F8 /* TemplateAppDelegate.swift */; };
		2FC9759F2978E39600BA99FE /* Localizable.strings in Resources */ = {isa = PBXBuildFile; fileRef = 2FC9759E2978E39600BA99FE /* Localizable.strings */; };
		2FC975A82978F11A00BA99FE /* Home.swift in Sources */ = {isa = PBXBuildFile; fileRef = 2FC975A72978F11A00BA99FE /* Home.swift */; };
		653A2551283387FE005D4D48 /* TemplateApplication.swift in Sources */ = {isa = PBXBuildFile; fileRef = 653A2550283387FE005D4D48 /* TemplateApplication.swift */; };
		653A255528338800005D4D48 /* Assets.xcassets in Resources */ = {isa = PBXBuildFile; fileRef = 653A255428338800005D4D48 /* Assets.xcassets */; };
		653A256228338800005D4D48 /* TemplateApplicationTests.swift in Sources */ = {isa = PBXBuildFile; fileRef = 653A256128338800005D4D48 /* TemplateApplicationTests.swift */; };
		653A256C28338800005D4D48 /* SchedulerAndQuestionnaireTests.swift in Sources */ = {isa = PBXBuildFile; fileRef = 653A256B28338800005D4D48 /* SchedulerAndQuestionnaireTests.swift */; };
/* End PBXBuildFile section */

/* Begin PBXContainerItemProxy section */
		653A255E28338800005D4D48 /* PBXContainerItemProxy */ = {
			isa = PBXContainerItemProxy;
			containerPortal = 653A2545283387FE005D4D48 /* Project object */;
			proxyType = 1;
			remoteGlobalIDString = 653A254C283387FE005D4D48;
			remoteInfo = TemplateApplication;
		};
		653A256828338800005D4D48 /* PBXContainerItemProxy */ = {
			isa = PBXContainerItemProxy;
			containerPortal = 653A2545283387FE005D4D48 /* Project object */;
			proxyType = 1;
			remoteGlobalIDString = 653A254C283387FE005D4D48;
			remoteInfo = TemplateApplication;
		};
/* End PBXContainerItemProxy section */

/* Begin PBXFileReference section */
		2F49B77329803E8F00BCB272 /* TemplateApplicationModules */ = {isa = PBXFileReference; lastKnownFileType = wrapper; path = TemplateApplicationModules; sourceTree = "<group>"; };
		2F4E237D2989A2FE0013F3D9 /* OnboardingTests.swift */ = {isa = PBXFileReference; lastKnownFileType = sourcecode.swift; path = OnboardingTests.swift; sourceTree = "<group>"; };
		2F4E23822989D51F0013F3D9 /* TemplateAppTestingSetup.swift */ = {isa = PBXFileReference; lastKnownFileType = sourcecode.swift; path = TemplateAppTestingSetup.swift; sourceTree = "<group>"; };
		2F4E23842989D9130013F3D9 /* XCUIApplication+DeleteAndLaunch.swift */ = {isa = PBXFileReference; lastKnownFileType = sourcecode.swift; path = "XCUIApplication+DeleteAndLaunch.swift"; sourceTree = "<group>"; };
		2F4E23862989DB360013F3D9 /* ContactsTests.swift */ = {isa = PBXFileReference; lastKnownFileType = sourcecode.swift; path = ContactsTests.swift; sourceTree = "<group>"; };
		2F4E23882989DB400013F3D9 /* HealthKitUploadTests.swift */ = {isa = PBXFileReference; lastKnownFileType = sourcecode.swift; path = HealthKitUploadTests.swift; sourceTree = "<group>"; };
		2F5E32BC297E05EA003432F8 /* TemplateAppDelegate.swift */ = {isa = PBXFileReference; lastKnownFileType = sourcecode.swift; path = TemplateAppDelegate.swift; sourceTree = "<group>"; };
		2FAEC07F297F583900C11C42 /* TemplateApplication.entitlements */ = {isa = PBXFileReference; lastKnownFileType = text.plist.entitlements; path = TemplateApplication.entitlements; sourceTree = "<group>"; };
		2FC94CD4298B0A1D009C8209 /* TemplateApplication.xctestplan */ = {isa = PBXFileReference; lastKnownFileType = text; path = TemplateApplication.xctestplan; sourceTree = "<group>"; };
		2FC9759E2978E39600BA99FE /* Localizable.strings */ = {isa = PBXFileReference; lastKnownFileType = text.plist.strings; path = Localizable.strings; sourceTree = "<group>"; };
		2FC975A72978F11A00BA99FE /* Home.swift */ = {isa = PBXFileReference; lastKnownFileType = sourcecode.swift; path = Home.swift; sourceTree = "<group>"; };
		653A254D283387FE005D4D48 /* TemplateApplication.app */ = {isa = PBXFileReference; explicitFileType = wrapper.application; includeInIndex = 0; path = TemplateApplication.app; sourceTree = BUILT_PRODUCTS_DIR; };
		653A2550283387FE005D4D48 /* TemplateApplication.swift */ = {isa = PBXFileReference; lastKnownFileType = sourcecode.swift; path = TemplateApplication.swift; sourceTree = "<group>"; };
		653A255428338800005D4D48 /* Assets.xcassets */ = {isa = PBXFileReference; lastKnownFileType = folder.assetcatalog; path = Assets.xcassets; sourceTree = "<group>"; };
		653A255D28338800005D4D48 /* TemplateApplicationTests.xctest */ = {isa = PBXFileReference; explicitFileType = wrapper.cfbundle; includeInIndex = 0; path = TemplateApplicationTests.xctest; sourceTree = BUILT_PRODUCTS_DIR; };
		653A256128338800005D4D48 /* TemplateApplicationTests.swift */ = {isa = PBXFileReference; lastKnownFileType = sourcecode.swift; path = TemplateApplicationTests.swift; sourceTree = "<group>"; };
		653A256728338800005D4D48 /* TemplateApplicationUITests.xctest */ = {isa = PBXFileReference; explicitFileType = wrapper.cfbundle; includeInIndex = 0; path = TemplateApplicationUITests.xctest; sourceTree = BUILT_PRODUCTS_DIR; };
		653A256B28338800005D4D48 /* SchedulerAndQuestionnaireTests.swift */ = {isa = PBXFileReference; lastKnownFileType = sourcecode.swift; path = SchedulerAndQuestionnaireTests.swift; sourceTree = "<group>"; };
		653A258928339462005D4D48 /* Info.plist */ = {isa = PBXFileReference; lastKnownFileType = text.plist.xml; path = Info.plist; sourceTree = "<group>"; };
/* End PBXFileReference section */

/* Begin PBXFrameworksBuildPhase section */
		653A254A283387FE005D4D48 /* Frameworks */ = {
			isa = PBXFrameworksBuildPhase;
			buildActionMask = 2147483647;
			files = (
				2F49B7822980419C00BCB272 /* Questionnaires in Frameworks */,
				2F49B77E2980407C00BCB272 /* Scheduler in Frameworks */,
				2F49B77A2980407C00BCB272 /* HealthKitDataSource in Frameworks */,
				2F49B784298041F300BCB272 /* Contact in Frameworks */,
				2F38E236298048E500E05C29 /* TemplateMockDataStorageProvider in Frameworks */,
				2F38E234298047DA00E05C29 /* TemplateSharedContext in Frameworks */,
				2F38E23829804AA300E05C29 /* TemplateContacts in Frameworks */,
				2F49B7782980407C00BCB272 /* FHIR in Frameworks */,
				2F38E23C29804EFA00E05C29 /* TemplateSchedule in Frameworks */,
				2F49B7802980418400BCB272 /* Onboarding in Frameworks */,
				2F49B7762980407C00BCB272 /* CardinalKit in Frameworks */,
				2F49B77C2980407C00BCB272 /* HealthKitToFHIRAdapter in Frameworks */,
				2F38E23A29804AE300E05C29 /* TemplateOnboardingFlow in Frameworks */,
			);
			runOnlyForDeploymentPostprocessing = 0;
		};
		653A255A28338800005D4D48 /* Frameworks */ = {
			isa = PBXFrameworksBuildPhase;
			buildActionMask = 2147483647;
			files = (
			);
			runOnlyForDeploymentPostprocessing = 0;
		};
		653A256428338800005D4D48 /* Frameworks */ = {
			isa = PBXFrameworksBuildPhase;
			buildActionMask = 2147483647;
			files = (
				2F4E23812989C5930013F3D9 /* XCTHealthKit in Frameworks */,
			);
			runOnlyForDeploymentPostprocessing = 0;
		};
/* End PBXFrameworksBuildPhase section */

/* Begin PBXGroup section */
		2F4E238A2989DB470013F3D9 /* Helper Extensions */ = {
			isa = PBXGroup;
			children = (
				2F4E23842989D9130013F3D9 /* XCUIApplication+DeleteAndLaunch.swift */,
			);
			path = "Helper Extensions";
			sourceTree = "<group>";
		};
		2FC9759D2978E30800BA99FE /* Supporting Files */ = {
			isa = PBXGroup;
			children = (
				2FAEC07F297F583900C11C42 /* TemplateApplication.entitlements */,
				653A258928339462005D4D48 /* Info.plist */,
				653A255428338800005D4D48 /* Assets.xcassets */,
				2FC9759E2978E39600BA99FE /* Localizable.strings */,
			);
			path = "Supporting Files";
			sourceTree = "<group>";
		};
		653A2544283387FE005D4D48 = {
			isa = PBXGroup;
			children = (
				2FC94CD4298B0A1D009C8209 /* TemplateApplication.xctestplan */,
				2F49B77329803E8F00BCB272 /* TemplateApplicationModules */,
				653A254F283387FE005D4D48 /* TemplateApplication */,
				653A256028338800005D4D48 /* TemplateApplicationTests */,
				653A256A28338800005D4D48 /* TemplateApplicationUITests */,
				653A254E283387FE005D4D48 /* Products */,
				653A258B283395A7005D4D48 /* Frameworks */,
			);
			sourceTree = "<group>";
		};
		653A254E283387FE005D4D48 /* Products */ = {
			isa = PBXGroup;
			children = (
				653A254D283387FE005D4D48 /* TemplateApplication.app */,
				653A255D28338800005D4D48 /* TemplateApplicationTests.xctest */,
				653A256728338800005D4D48 /* TemplateApplicationUITests.xctest */,
			);
			name = Products;
			sourceTree = "<group>";
		};
		653A254F283387FE005D4D48 /* TemplateApplication */ = {
			isa = PBXGroup;
			children = (
				653A2550283387FE005D4D48 /* TemplateApplication.swift */,
				2F5E32BC297E05EA003432F8 /* TemplateAppDelegate.swift */,
				2F4E23822989D51F0013F3D9 /* TemplateAppTestingSetup.swift */,
				2FC975A72978F11A00BA99FE /* Home.swift */,
				2FC9759D2978E30800BA99FE /* Supporting Files */,
			);
			path = TemplateApplication;
			sourceTree = "<group>";
		};
		653A256028338800005D4D48 /* TemplateApplicationTests */ = {
			isa = PBXGroup;
			children = (
				653A256128338800005D4D48 /* TemplateApplicationTests.swift */,
			);
			path = TemplateApplicationTests;
			sourceTree = "<group>";
		};
		653A256A28338800005D4D48 /* TemplateApplicationUITests */ = {
			isa = PBXGroup;
			children = (
				2F4E238A2989DB470013F3D9 /* Helper Extensions */,
				2F4E237D2989A2FE0013F3D9 /* OnboardingTests.swift */,
				653A256B28338800005D4D48 /* SchedulerAndQuestionnaireTests.swift */,
				2F4E23862989DB360013F3D9 /* ContactsTests.swift */,
				2F4E23882989DB400013F3D9 /* HealthKitUploadTests.swift */,
			);
			path = TemplateApplicationUITests;
			sourceTree = "<group>";
		};
		653A258B283395A7005D4D48 /* Frameworks */ = {
			isa = PBXGroup;
			children = (
			);
			name = Frameworks;
			sourceTree = "<group>";
		};
/* End PBXGroup section */

/* Begin PBXNativeTarget section */
		653A254C283387FE005D4D48 /* TemplateApplication */ = {
			isa = PBXNativeTarget;
			buildConfigurationList = 653A257128338800005D4D48 /* Build configuration list for PBXNativeTarget "TemplateApplication" */;
			buildPhases = (
				653A2549283387FE005D4D48 /* Sources */,
				653A254A283387FE005D4D48 /* Frameworks */,
				653A254B283387FE005D4D48 /* Resources */,
			);
			buildRules = (
			);
			dependencies = (
			);
			name = TemplateApplication;
			packageProductDependencies = (
				2F49B7752980407B00BCB272 /* CardinalKit */,
				2F49B7772980407C00BCB272 /* FHIR */,
				2F49B7792980407C00BCB272 /* HealthKitDataSource */,
				2F49B77B2980407C00BCB272 /* HealthKitToFHIRAdapter */,
				2F49B77D2980407C00BCB272 /* Scheduler */,
				2F49B77F2980418400BCB272 /* Onboarding */,
				2F49B7812980419C00BCB272 /* Questionnaires */,
				2F49B783298041F300BCB272 /* Contact */,
				2F38E233298047DA00E05C29 /* TemplateSharedContext */,
				2F38E235298048E500E05C29 /* TemplateMockDataStorageProvider */,
				2F38E23729804AA300E05C29 /* TemplateContacts */,
				2F38E23929804AE300E05C29 /* TemplateOnboardingFlow */,
				2F38E23B29804EFA00E05C29 /* TemplateSchedule */,
			);
			productName = TemplateApplication;
			productReference = 653A254D283387FE005D4D48 /* TemplateApplication.app */;
			productType = "com.apple.product-type.application";
		};
		653A255C28338800005D4D48 /* TemplateApplicationTests */ = {
			isa = PBXNativeTarget;
			buildConfigurationList = 653A257428338800005D4D48 /* Build configuration list for PBXNativeTarget "TemplateApplicationTests" */;
			buildPhases = (
				653A255928338800005D4D48 /* Sources */,
				653A255A28338800005D4D48 /* Frameworks */,
				653A255B28338800005D4D48 /* Resources */,
			);
			buildRules = (
			);
			dependencies = (
				653A255F28338800005D4D48 /* PBXTargetDependency */,
			);
			name = TemplateApplicationTests;
			productName = TemplateApplicationTests;
			productReference = 653A255D28338800005D4D48 /* TemplateApplicationTests.xctest */;
			productType = "com.apple.product-type.bundle.unit-test";
		};
		653A256628338800005D4D48 /* TemplateApplicationUITests */ = {
			isa = PBXNativeTarget;
			buildConfigurationList = 653A257728338800005D4D48 /* Build configuration list for PBXNativeTarget "TemplateApplicationUITests" */;
			buildPhases = (
				653A256328338800005D4D48 /* Sources */,
				653A256428338800005D4D48 /* Frameworks */,
				653A256528338800005D4D48 /* Resources */,
			);
			buildRules = (
			);
			dependencies = (
				653A256928338800005D4D48 /* PBXTargetDependency */,
			);
			name = TemplateApplicationUITests;
			packageProductDependencies = (
				2F4E23802989C5930013F3D9 /* XCTHealthKit */,
			);
			productName = TemplateApplicationUITests;
			productReference = 653A256728338800005D4D48 /* TemplateApplicationUITests.xctest */;
			productType = "com.apple.product-type.bundle.ui-testing";
		};
/* End PBXNativeTarget section */

/* Begin PBXProject section */
		653A2545283387FE005D4D48 /* Project object */ = {
			isa = PBXProject;
			attributes = {
				BuildIndependentTargetsInParallel = 1;
				LastSwiftUpdateCheck = 1340;
				LastUpgradeCheck = 1340;
				TargetAttributes = {
					653A254C283387FE005D4D48 = {
						CreatedOnToolsVersion = 13.4;
					};
					653A255C28338800005D4D48 = {
						CreatedOnToolsVersion = 13.4;
						TestTargetID = 653A254C283387FE005D4D48;
					};
					653A256628338800005D4D48 = {
						CreatedOnToolsVersion = 13.4;
						TestTargetID = 653A254C283387FE005D4D48;
					};
				};
			};
			buildConfigurationList = 653A2548283387FE005D4D48 /* Build configuration list for PBXProject "TemplateApplication" */;
			compatibilityVersion = "Xcode 13.0";
			developmentRegion = en;
			hasScannedForEncodings = 0;
			knownRegions = (
				en,
				Base,
			);
			mainGroup = 653A2544283387FE005D4D48;
			packageReferences = (
				2F49B7742980407B00BCB272 /* XCRemoteSwiftPackageReference "CardinalKit" */,
				2F4E237F2989C5930013F3D9 /* XCRemoteSwiftPackageReference "XCTHealthKit" */,
			);
			productRefGroup = 653A254E283387FE005D4D48 /* Products */;
			projectDirPath = "";
			projectRoot = "";
			targets = (
				653A254C283387FE005D4D48 /* TemplateApplication */,
				653A255C28338800005D4D48 /* TemplateApplicationTests */,
				653A256628338800005D4D48 /* TemplateApplicationUITests */,
			);
		};
/* End PBXProject section */

/* Begin PBXResourcesBuildPhase section */
		653A254B283387FE005D4D48 /* Resources */ = {
			isa = PBXResourcesBuildPhase;
			buildActionMask = 2147483647;
			files = (
				653A255528338800005D4D48 /* Assets.xcassets in Resources */,
				2FC9759F2978E39600BA99FE /* Localizable.strings in Resources */,
			);
			runOnlyForDeploymentPostprocessing = 0;
		};
		653A255B28338800005D4D48 /* Resources */ = {
			isa = PBXResourcesBuildPhase;
			buildActionMask = 2147483647;
			files = (
			);
			runOnlyForDeploymentPostprocessing = 0;
		};
		653A256528338800005D4D48 /* Resources */ = {
			isa = PBXResourcesBuildPhase;
			buildActionMask = 2147483647;
			files = (
			);
			runOnlyForDeploymentPostprocessing = 0;
		};
/* End PBXResourcesBuildPhase section */

/* Begin PBXSourcesBuildPhase section */
		653A2549283387FE005D4D48 /* Sources */ = {
			isa = PBXSourcesBuildPhase;
			buildActionMask = 2147483647;
			files = (
				2FC975A82978F11A00BA99FE /* Home.swift in Sources */,
				2F4E23832989D51F0013F3D9 /* TemplateAppTestingSetup.swift in Sources */,
				2F5E32BD297E05EA003432F8 /* TemplateAppDelegate.swift in Sources */,
				653A2551283387FE005D4D48 /* TemplateApplication.swift in Sources */,
			);
			runOnlyForDeploymentPostprocessing = 0;
		};
		653A255928338800005D4D48 /* Sources */ = {
			isa = PBXSourcesBuildPhase;
			buildActionMask = 2147483647;
			files = (
				653A256228338800005D4D48 /* TemplateApplicationTests.swift in Sources */,
			);
			runOnlyForDeploymentPostprocessing = 0;
		};
		653A256328338800005D4D48 /* Sources */ = {
			isa = PBXSourcesBuildPhase;
			buildActionMask = 2147483647;
			files = (
				2F4E23872989DB360013F3D9 /* ContactsTests.swift in Sources */,
				2F4E23892989DB400013F3D9 /* HealthKitUploadTests.swift in Sources */,
				2F4E237E2989A2FE0013F3D9 /* OnboardingTests.swift in Sources */,
				2F4E23852989D9130013F3D9 /* XCUIApplication+DeleteAndLaunch.swift in Sources */,
				653A256C28338800005D4D48 /* SchedulerAndQuestionnaireTests.swift in Sources */,
			);
			runOnlyForDeploymentPostprocessing = 0;
		};
/* End PBXSourcesBuildPhase section */

/* Begin PBXTargetDependency section */
		653A255F28338800005D4D48 /* PBXTargetDependency */ = {
			isa = PBXTargetDependency;
			target = 653A254C283387FE005D4D48 /* TemplateApplication */;
			targetProxy = 653A255E28338800005D4D48 /* PBXContainerItemProxy */;
		};
		653A256928338800005D4D48 /* PBXTargetDependency */ = {
			isa = PBXTargetDependency;
			target = 653A254C283387FE005D4D48 /* TemplateApplication */;
			targetProxy = 653A256828338800005D4D48 /* PBXContainerItemProxy */;
		};
/* End PBXTargetDependency section */

/* Begin XCBuildConfiguration section */
		653A256F28338800005D4D48 /* Debug */ = {
			isa = XCBuildConfiguration;
			buildSettings = {
				ALWAYS_SEARCH_USER_PATHS = NO;
				CLANG_ANALYZER_NONNULL = YES;
				CLANG_ANALYZER_NUMBER_OBJECT_CONVERSION = YES_AGGRESSIVE;
				CLANG_CXX_LANGUAGE_STANDARD = "gnu++17";
				CLANG_ENABLE_MODULES = YES;
				CLANG_ENABLE_OBJC_ARC = YES;
				CLANG_ENABLE_OBJC_WEAK = YES;
				CLANG_WARN_BLOCK_CAPTURE_AUTORELEASING = YES;
				CLANG_WARN_BOOL_CONVERSION = YES;
				CLANG_WARN_COMMA = YES;
				CLANG_WARN_CONSTANT_CONVERSION = YES;
				CLANG_WARN_DEPRECATED_OBJC_IMPLEMENTATIONS = YES;
				CLANG_WARN_DIRECT_OBJC_ISA_USAGE = YES_ERROR;
				CLANG_WARN_DOCUMENTATION_COMMENTS = YES;
				CLANG_WARN_EMPTY_BODY = YES;
				CLANG_WARN_ENUM_CONVERSION = YES;
				CLANG_WARN_INFINITE_RECURSION = YES;
				CLANG_WARN_INT_CONVERSION = YES;
				CLANG_WARN_NON_LITERAL_NULL_CONVERSION = YES;
				CLANG_WARN_OBJC_IMPLICIT_RETAIN_SELF = YES;
				CLANG_WARN_OBJC_LITERAL_CONVERSION = YES;
				CLANG_WARN_OBJC_ROOT_CLASS = YES_ERROR;
				CLANG_WARN_QUOTED_INCLUDE_IN_FRAMEWORK_HEADER = YES;
				CLANG_WARN_RANGE_LOOP_ANALYSIS = YES;
				CLANG_WARN_STRICT_PROTOTYPES = YES;
				CLANG_WARN_SUSPICIOUS_MOVE = YES;
				CLANG_WARN_UNGUARDED_AVAILABILITY = YES_AGGRESSIVE;
				CLANG_WARN_UNREACHABLE_CODE = YES;
				CLANG_WARN__DUPLICATE_METHOD_MATCH = YES;
				COPY_PHASE_STRIP = NO;
				DEBUG_INFORMATION_FORMAT = dwarf;
				ENABLE_STRICT_OBJC_MSGSEND = YES;
				ENABLE_TESTABILITY = YES;
				GCC_C_LANGUAGE_STANDARD = gnu11;
				GCC_DYNAMIC_NO_PIC = NO;
				GCC_NO_COMMON_BLOCKS = YES;
				GCC_OPTIMIZATION_LEVEL = 0;
				GCC_PREPROCESSOR_DEFINITIONS = (
					"DEBUG=1",
					"$(inherited)",
				);
				GCC_WARN_64_TO_32_BIT_CONVERSION = YES;
				GCC_WARN_ABOUT_RETURN_TYPE = YES_ERROR;
				GCC_WARN_UNDECLARED_SELECTOR = YES;
				GCC_WARN_UNINITIALIZED_AUTOS = YES_AGGRESSIVE;
				GCC_WARN_UNUSED_FUNCTION = YES;
				GCC_WARN_UNUSED_VARIABLE = YES;
				IPHONEOS_DEPLOYMENT_TARGET = 16.2;
				MTL_ENABLE_DEBUG_INFO = INCLUDE_SOURCE;
				MTL_FAST_MATH = YES;
				ONLY_ACTIVE_ARCH = YES;
				SDKROOT = iphoneos;
				SWIFT_ACTIVE_COMPILATION_CONDITIONS = DEBUG;
				SWIFT_OPTIMIZATION_LEVEL = "-Onone";
			};
			name = Debug;
		};
		653A257028338800005D4D48 /* Release */ = {
			isa = XCBuildConfiguration;
			buildSettings = {
				ALWAYS_SEARCH_USER_PATHS = NO;
				CLANG_ANALYZER_NONNULL = YES;
				CLANG_ANALYZER_NUMBER_OBJECT_CONVERSION = YES_AGGRESSIVE;
				CLANG_CXX_LANGUAGE_STANDARD = "gnu++17";
				CLANG_ENABLE_MODULES = YES;
				CLANG_ENABLE_OBJC_ARC = YES;
				CLANG_ENABLE_OBJC_WEAK = YES;
				CLANG_WARN_BLOCK_CAPTURE_AUTORELEASING = YES;
				CLANG_WARN_BOOL_CONVERSION = YES;
				CLANG_WARN_COMMA = YES;
				CLANG_WARN_CONSTANT_CONVERSION = YES;
				CLANG_WARN_DEPRECATED_OBJC_IMPLEMENTATIONS = YES;
				CLANG_WARN_DIRECT_OBJC_ISA_USAGE = YES_ERROR;
				CLANG_WARN_DOCUMENTATION_COMMENTS = YES;
				CLANG_WARN_EMPTY_BODY = YES;
				CLANG_WARN_ENUM_CONVERSION = YES;
				CLANG_WARN_INFINITE_RECURSION = YES;
				CLANG_WARN_INT_CONVERSION = YES;
				CLANG_WARN_NON_LITERAL_NULL_CONVERSION = YES;
				CLANG_WARN_OBJC_IMPLICIT_RETAIN_SELF = YES;
				CLANG_WARN_OBJC_LITERAL_CONVERSION = YES;
				CLANG_WARN_OBJC_ROOT_CLASS = YES_ERROR;
				CLANG_WARN_QUOTED_INCLUDE_IN_FRAMEWORK_HEADER = YES;
				CLANG_WARN_RANGE_LOOP_ANALYSIS = YES;
				CLANG_WARN_STRICT_PROTOTYPES = YES;
				CLANG_WARN_SUSPICIOUS_MOVE = YES;
				CLANG_WARN_UNGUARDED_AVAILABILITY = YES_AGGRESSIVE;
				CLANG_WARN_UNREACHABLE_CODE = YES;
				CLANG_WARN__DUPLICATE_METHOD_MATCH = YES;
				COPY_PHASE_STRIP = NO;
				DEBUG_INFORMATION_FORMAT = "dwarf-with-dsym";
				ENABLE_NS_ASSERTIONS = NO;
				ENABLE_STRICT_OBJC_MSGSEND = YES;
				GCC_C_LANGUAGE_STANDARD = gnu11;
				GCC_NO_COMMON_BLOCKS = YES;
				GCC_WARN_64_TO_32_BIT_CONVERSION = YES;
				GCC_WARN_ABOUT_RETURN_TYPE = YES_ERROR;
				GCC_WARN_UNDECLARED_SELECTOR = YES;
				GCC_WARN_UNINITIALIZED_AUTOS = YES_AGGRESSIVE;
				GCC_WARN_UNUSED_FUNCTION = YES;
				GCC_WARN_UNUSED_VARIABLE = YES;
				IPHONEOS_DEPLOYMENT_TARGET = 16.2;
				MTL_ENABLE_DEBUG_INFO = NO;
				MTL_FAST_MATH = YES;
				SDKROOT = iphoneos;
				SWIFT_COMPILATION_MODE = wholemodule;
				SWIFT_OPTIMIZATION_LEVEL = "-O";
				VALIDATE_PRODUCT = YES;
			};
			name = Release;
		};
		653A257228338800005D4D48 /* Debug */ = {
			isa = XCBuildConfiguration;
			buildSettings = {
				ASSETCATALOG_COMPILER_APPICON_NAME = AppIcon;
				ASSETCATALOG_COMPILER_GLOBAL_ACCENT_COLOR_NAME = AccentColor;
				CODE_SIGN_ENTITLEMENTS = "TemplateApplication/Supporting Files/TemplateApplication.entitlements";
				CODE_SIGN_IDENTITY = "Apple Development";
				CODE_SIGN_STYLE = Automatic;
				CURRENT_PROJECT_VERSION = 1;
				DEVELOPMENT_ASSET_PATHS = "";
				DEVELOPMENT_TEAM = "";
				ENABLE_PREVIEWS = YES;
				GENERATE_INFOPLIST_FILE = YES;
				INFOPLIST_FILE = "TemplateApplication/Supporting Files/Info.plist";
				INFOPLIST_KEY_UILaunchScreen_Generation = YES;
				INFOPLIST_KEY_UISupportedInterfaceOrientations = UIInterfaceOrientationPortrait;
				INFOPLIST_KEY_UISupportedInterfaceOrientations_iPad = "UIInterfaceOrientationLandscapeLeft UIInterfaceOrientationLandscapeRight UIInterfaceOrientationPortrait UIInterfaceOrientationPortraitUpsideDown";
				INFOPLIST_KEY_UITemplateApplicationlicationSceneManifest_Generation = YES;
				INFOPLIST_KEY_UITemplateApplicationlicationSupportsIndirectInputEvents = YES;
				IPHONEOS_DEPLOYMENT_TARGET = 16.2;
				LD_RUNPATH_SEARCH_PATHS = (
					"$(inherited)",
					"@executable_path/Frameworks",
				);
				MARKETING_VERSION = 1.0;
				PRODUCT_BUNDLE_IDENTIFIER = edu.stanford.cardinalkittemplateapplication;
				PRODUCT_NAME = "$(TARGET_NAME)";
				PROVISIONING_PROFILE_SPECIFIER = "";
				SUPPORTED_PLATFORMS = "iphoneos iphonesimulator";
				SUPPORTS_MACCATALYST = NO;
				SUPPORTS_MAC_DESIGNED_FOR_IPHONE_IPAD = NO;
				"SWIFT_ELicenseRef-TemplateApplication_LOC_STRINGS" = YES;
				SWIFT_VERSION = 5.0;
				TARGETED_DEVICE_FAMILY = 1;
			};
			name = Debug;
		};
		653A257328338800005D4D48 /* Release */ = {
			isa = XCBuildConfiguration;
			buildSettings = {
				ASSETCATALOG_COMPILER_APPICON_NAME = AppIcon;
				ASSETCATALOG_COMPILER_GLOBAL_ACCENT_COLOR_NAME = AccentColor;
				CODE_SIGN_ENTITLEMENTS = "TemplateApplication/Supporting Files/TemplateApplication.entitlements";
				"CODE_SIGN_IDENTITY[sdk=iphoneos*]" = "iPhone Distribution";
				CODE_SIGN_STYLE = Manual;
				CURRENT_PROJECT_VERSION = 1;
				DEVELOPMENT_ASSET_PATHS = "";
				DEVELOPMENT_TEAM = "";
				"DEVELOPMENT_TEAM[sdk=iphoneos*]" = 637867499T;
				ENABLE_PREVIEWS = YES;
				GENERATE_INFOPLIST_FILE = YES;
				INFOPLIST_FILE = "TemplateApplication/Supporting Files/Info.plist";
				INFOPLIST_KEY_UILaunchScreen_Generation = YES;
				INFOPLIST_KEY_UISupportedInterfaceOrientations = UIInterfaceOrientationPortrait;
				INFOPLIST_KEY_UISupportedInterfaceOrientations_iPad = "UIInterfaceOrientationLandscapeLeft UIInterfaceOrientationLandscapeRight UIInterfaceOrientationPortrait UIInterfaceOrientationPortraitUpsideDown";
				INFOPLIST_KEY_UITemplateApplicationlicationSceneManifest_Generation = YES;
				INFOPLIST_KEY_UITemplateApplicationlicationSupportsIndirectInputEvents = YES;
				IPHONEOS_DEPLOYMENT_TARGET = 16.2;
				LD_RUNPATH_SEARCH_PATHS = (
					"$(inherited)",
					"@executable_path/Frameworks",
				);
				MARKETING_VERSION = 1.0;
				PRODUCT_BUNDLE_IDENTIFIER = edu.stanford.cardinalkittemplateapplication;
				PRODUCT_NAME = "$(TARGET_NAME)";
				PROVISIONING_PROFILE_SPECIFIER = "";
				"PROVISIONING_PROFILE_SPECIFIER[sdk=iphoneos*]" = "CardinalKit Template Application";
				SUPPORTED_PLATFORMS = "iphoneos iphonesimulator";
				SUPPORTS_MACCATALYST = NO;
				SUPPORTS_MAC_DESIGNED_FOR_IPHONE_IPAD = NO;
				"SWIFT_ELicenseRef-TemplateApplication_LOC_STRINGS" = YES;
				SWIFT_VERSION = 5.0;
				TARGETED_DEVICE_FAMILY = 1;
			};
			name = Release;
		};
		653A257528338800005D4D48 /* Debug */ = {
			isa = XCBuildConfiguration;
			buildSettings = {
				ALWAYS_EMBED_SWIFT_STANDARD_LIBRARIES = YES;
				BUNDLE_LOADER = "$(TEST_HOST)";
				CODE_SIGN_STYLE = Automatic;
				CURRENT_PROJECT_VERSION = 1;
				DEVELOPMENT_TEAM = 637867499T;
				GENERATE_INFOPLIST_FILE = YES;
				IPHONEOS_DEPLOYMENT_TARGET = 16.2;
				MARKETING_VERSION = 1.0;
				PRODUCT_BUNDLE_IDENTIFIER = edu.stanford.cardinalkittemplateapplicationtests;
				PRODUCT_NAME = "$(TARGET_NAME)";
				"SWIFT_ELicenseRef-TemplateApplication_LOC_STRINGS" = NO;
				SWIFT_VERSION = 5.0;
				TARGETED_DEVICE_FAMILY = "1,2";
				TEST_HOST = "$(BUILT_PRODUCTS_DIR)/TemplateApplication.app/TemplateApplication";
			};
			name = Debug;
		};
		653A257628338800005D4D48 /* Release */ = {
			isa = XCBuildConfiguration;
			buildSettings = {
				ALWAYS_EMBED_SWIFT_STANDARD_LIBRARIES = YES;
				BUNDLE_LOADER = "$(TEST_HOST)";
				CODE_SIGN_STYLE = Automatic;
				CURRENT_PROJECT_VERSION = 1;
				DEVELOPMENT_TEAM = 637867499T;
				GENERATE_INFOPLIST_FILE = YES;
				IPHONEOS_DEPLOYMENT_TARGET = 16.2;
				MARKETING_VERSION = 1.0;
				PRODUCT_BUNDLE_IDENTIFIER = edu.stanford.cardinalkittemplateapplicationtests;
				PRODUCT_NAME = "$(TARGET_NAME)";
				"SWIFT_ELicenseRef-TemplateApplication_LOC_STRINGS" = NO;
				SWIFT_VERSION = 5.0;
				TARGETED_DEVICE_FAMILY = "1,2";
				TEST_HOST = "$(BUILT_PRODUCTS_DIR)/TemplateApplication.app/TemplateApplication";
			};
			name = Release;
		};
		653A257828338800005D4D48 /* Debug */ = {
			isa = XCBuildConfiguration;
			buildSettings = {
				ALWAYS_EMBED_SWIFT_STANDARD_LIBRARIES = YES;
				CODE_SIGN_STYLE = Automatic;
				CURRENT_PROJECT_VERSION = 1;
				DEVELOPMENT_TEAM = 637867499T;
				GENERATE_INFOPLIST_FILE = YES;
				IPHONEOS_DEPLOYMENT_TARGET = 16.2;
				MARKETING_VERSION = 1.0;
				PRODUCT_BUNDLE_IDENTIFIER = edu.stanford.cardinalkittemplateapplicationuitests;
				PRODUCT_NAME = "$(TARGET_NAME)";
				"SWIFT_ELicenseRef-TemplateApplication_LOC_STRINGS" = NO;
				SWIFT_VERSION = 5.0;
				TARGETED_DEVICE_FAMILY = "1,2";
				TEST_TARGET_NAME = TemplateApplication;
			};
			name = Debug;
		};
		653A257928338800005D4D48 /* Release */ = {
			isa = XCBuildConfiguration;
			buildSettings = {
				ALWAYS_EMBED_SWIFT_STANDARD_LIBRARIES = YES;
				CODE_SIGN_STYLE = Automatic;
				CURRENT_PROJECT_VERSION = 1;
				DEVELOPMENT_TEAM = 637867499T;
				GENERATE_INFOPLIST_FILE = YES;
				IPHONEOS_DEPLOYMENT_TARGET = 16.2;
				MARKETING_VERSION = 1.0;
				PRODUCT_BUNDLE_IDENTIFIER = edu.stanford.cardinalkittemplateapplicationuitests;
				PRODUCT_NAME = "$(TARGET_NAME)";
				"SWIFT_ELicenseRef-TemplateApplication_LOC_STRINGS" = NO;
				SWIFT_VERSION = 5.0;
				TARGETED_DEVICE_FAMILY = "1,2";
				TEST_TARGET_NAME = TemplateApplication;
			};
			name = Release;
		};
/* End XCBuildConfiguration section */

/* Begin XCConfigurationList section */
		653A2548283387FE005D4D48 /* Build configuration list for PBXProject "TemplateApplication" */ = {
			isa = XCConfigurationList;
			buildConfigurations = (
				653A256F28338800005D4D48 /* Debug */,
				653A257028338800005D4D48 /* Release */,
			);
			defaultConfigurationIsVisible = 0;
			defaultConfigurationName = Release;
		};
		653A257128338800005D4D48 /* Build configuration list for PBXNativeTarget "TemplateApplication" */ = {
			isa = XCConfigurationList;
			buildConfigurations = (
				653A257228338800005D4D48 /* Debug */,
				653A257328338800005D4D48 /* Release */,
			);
			defaultConfigurationIsVisible = 0;
			defaultConfigurationName = Release;
		};
		653A257428338800005D4D48 /* Build configuration list for PBXNativeTarget "TemplateApplicationTests" */ = {
			isa = XCConfigurationList;
			buildConfigurations = (
				653A257528338800005D4D48 /* Debug */,
				653A257628338800005D4D48 /* Release */,
			);
			defaultConfigurationIsVisible = 0;
			defaultConfigurationName = Release;
		};
		653A257728338800005D4D48 /* Build configuration list for PBXNativeTarget "TemplateApplicationUITests" */ = {
			isa = XCConfigurationList;
			buildConfigurations = (
				653A257828338800005D4D48 /* Debug */,
				653A257928338800005D4D48 /* Release */,
			);
			defaultConfigurationIsVisible = 0;
			defaultConfigurationName = Release;
		};
/* End XCConfigurationList section */

/* Begin XCRemoteSwiftPackageReference section */
		2F49B7742980407B00BCB272 /* XCRemoteSwiftPackageReference "CardinalKit" */ = {
			isa = XCRemoteSwiftPackageReference;
			repositoryURL = "https://github.com/StanfordBDHG/CardinalKit";
			requirement = {
				kind = upToNextMinorVersion;
				minimumVersion = 0.2.1;
			};
		};
		2F4E237F2989C5930013F3D9 /* XCRemoteSwiftPackageReference "XCTHealthKit" */ = {
			isa = XCRemoteSwiftPackageReference;
			repositoryURL = "https://github.com/StanfordBDHG/XCTHealthKit";
			requirement = {
				kind = upToNextMinorVersion;
				minimumVersion = 0.1.0;
			};
		};
/* End XCRemoteSwiftPackageReference section */

/* Begin XCSwiftPackageProductDependency section */
		2F38E233298047DA00E05C29 /* TemplateSharedContext */ = {
			isa = XCSwiftPackageProductDependency;
			productName = TemplateSharedContext;
		};
		2F38E235298048E500E05C29 /* TemplateMockDataStorageProvider */ = {
			isa = XCSwiftPackageProductDependency;
			productName = TemplateMockDataStorageProvider;
		};
		2F38E23729804AA300E05C29 /* TemplateContacts */ = {
			isa = XCSwiftPackageProductDependency;
			productName = TemplateContacts;
		};
		2F38E23929804AE300E05C29 /* TemplateOnboardingFlow */ = {
			isa = XCSwiftPackageProductDependency;
			productName = TemplateOnboardingFlow;
		};
		2F38E23B29804EFA00E05C29 /* TemplateSchedule */ = {
			isa = XCSwiftPackageProductDependency;
			productName = TemplateSchedule;
		};
		2F49B7752980407B00BCB272 /* CardinalKit */ = {
			isa = XCSwiftPackageProductDependency;
			package = 2F49B7742980407B00BCB272 /* XCRemoteSwiftPackageReference "CardinalKit" */;
			productName = CardinalKit;
		};
		2F49B7772980407C00BCB272 /* FHIR */ = {
			isa = XCSwiftPackageProductDependency;
			package = 2F49B7742980407B00BCB272 /* XCRemoteSwiftPackageReference "CardinalKit" */;
			productName = FHIR;
		};
		2F49B7792980407C00BCB272 /* HealthKitDataSource */ = {
			isa = XCSwiftPackageProductDependency;
			package = 2F49B7742980407B00BCB272 /* XCRemoteSwiftPackageReference "CardinalKit" */;
			productName = HealthKitDataSource;
		};
		2F49B77B2980407C00BCB272 /* HealthKitToFHIRAdapter */ = {
			isa = XCSwiftPackageProductDependency;
			package = 2F49B7742980407B00BCB272 /* XCRemoteSwiftPackageReference "CardinalKit" */;
			productName = HealthKitToFHIRAdapter;
		};
		2F49B77D2980407C00BCB272 /* Scheduler */ = {
			isa = XCSwiftPackageProductDependency;
			package = 2F49B7742980407B00BCB272 /* XCRemoteSwiftPackageReference "CardinalKit" */;
			productName = Scheduler;
		};
		2F49B77F2980418400BCB272 /* Onboarding */ = {
			isa = XCSwiftPackageProductDependency;
			package = 2F49B7742980407B00BCB272 /* XCRemoteSwiftPackageReference "CardinalKit" */;
			productName = Onboarding;
		};
		2F49B7812980419C00BCB272 /* Questionnaires */ = {
			isa = XCSwiftPackageProductDependency;
			package = 2F49B7742980407B00BCB272 /* XCRemoteSwiftPackageReference "CardinalKit" */;
			productName = Questionnaires;
		};
		2F49B783298041F300BCB272 /* Contact */ = {
			isa = XCSwiftPackageProductDependency;
			package = 2F49B7742980407B00BCB272 /* XCRemoteSwiftPackageReference "CardinalKit" */;
			productName = Contact;
		};
		2F4E23802989C5930013F3D9 /* XCTHealthKit */ = {
			isa = XCSwiftPackageProductDependency;
			package = 2F4E237F2989C5930013F3D9 /* XCRemoteSwiftPackageReference "XCTHealthKit" */;
			productName = XCTHealthKit;
		};
/* End XCSwiftPackageProductDependency section */
	};
	rootObject = 653A2545283387FE005D4D48 /* Project object */;
}
