{
  "originHash" : "763dd6c3fb283cd30c2edd3e18fad0c0f9ef9fb226c4b08bdd490e0a7de07181",
  "pins" : [
    {
      "identity" : "llama.cpp",
      "kind" : "remoteSourceControl",
      "location" : "https://github.com/StanfordBDHG/llama.cpp",
      "state" : {
        "revision" : "6839853a321778906e210a33ee2c6aec52f34c97",
        "version" : "0.3.3"
      }
    },
    {
      "identity" : "openai",
      "kind" : "remoteSourceControl",
      "location" : "https://github.com/StanfordBDHG/OpenAI",
      "state" : {
        "revision" : "29316babb446c34bb07bf528d96de7eb41e7b03c",
        "version" : "0.2.8"
      }
    },
    {
      "identity" : "spezi",
      "kind" : "remoteSourceControl",
      "location" : "https://github.com/StanfordSpezi/Spezi.git",
      "state" : {
        "revision" : "c43e4fa3d3938a847de2b677091a34ddaea5bc76",
        "version" : "1.2.3"
      }
    },
    {
      "identity" : "spezichat",
      "kind" : "remoteSourceControl",
      "location" : "https://github.com/StanfordSpezi/SpeziChat",
      "state" : {
        "revision" : "aaa10d71431b78ece8bf29f95c0050632714984d",
        "version" : "0.2.0"
      }
    },
    {
      "identity" : "spezifoundation",
      "kind" : "remoteSourceControl",
      "location" : "https://github.com/StanfordSpezi/SpeziFoundation",
      "state" : {
        "revision" : "01af5b91a54f30ddd121258e81aff2ddc2a99ff9",
        "version" : "1.0.4"
      }
    },
    {
      "identity" : "spezihealthkit",
      "kind" : "remoteSourceControl",
      "location" : "https://github.com/StanfordSpezi/SpeziHealthKit.git",
      "state" : {
        "revision" : "1e9cb5a6036ac7f4ff37ea1c3ed4898103339ad1",
        "version" : "0.5.3"
      }
    },
    {
      "identity" : "spezillm",
      "kind" : "remoteSourceControl",
      "location" : "https://github.com/StanfordSpezi/SpeziLLM",
      "state" : {
        "revision" : "94f14f6a1d0fb4c7bb54efa6b6241f18dfc5004d",
        "version" : "0.8.2"
      }
    },
    {
      "identity" : "spezionboarding",
      "kind" : "remoteSourceControl",
      "location" : "https://github.com/StanfordSpezi/SpeziOnboarding.git",
      "state" : {
        "revision" : "4971a82e94996ce0c3d8ecf64fdeec874a1f20d6",
        "version" : "1.1.1"
      }
    },
    {
      "identity" : "spezispeech",
      "kind" : "remoteSourceControl",
      "location" : "https://github.com/StanfordSpezi/SpeziSpeech",
      "state" : {
        "revision" : "60b8cdbf6f3d58b0d75eadf30db50f88848069aa",
        "version" : "1.0.1"
      }
    },
    {
      "identity" : "spezistorage",
      "kind" : "remoteSourceControl",
      "location" : "https://github.com/StanfordSpezi/SpeziStorage.git",
      "state" : {
        "revision" : "b958df9b31f24800388a7bfc28f457ce7b82556c",
        "version" : "1.0.2"
      }
    },
    {
      "identity" : "speziviews",
      "kind" : "remoteSourceControl",
      "location" : "https://github.com/StanfordSpezi/SpeziViews",
      "state" : {
        "revision" : "4d2a724d97c8f19ac7de7aa2c046b1cb3ef7b279",
        "version" : "1.3.1"
      }
    },
    {
      "identity" : "swift-collections",
      "kind" : "remoteSourceControl",
      "location" : "https://github.com/apple/swift-collections.git",
      "state" : {
        "revision" : "94cf62b3ba8d4bed62680a282d4c25f9c63c2efb",
        "version" : "1.1.0"
      }
    },
    {
      "identity" : "xctestextensions",
      "kind" : "remoteSourceControl",
      "location" : "https://github.com/StanfordBDHG/XCTestExtensions.git",
      "state" : {
        "revision" : "1fe9b8e76aeb7a132af37bfa0892160c9b662dcc",
        "version" : "0.4.10"
      }
    },
    {
      "identity" : "xcthealthkit",
      "kind" : "remoteSourceControl",
      "location" : "https://github.com/StanfordBDHG/XCTHealthKit.git",
      "state" : {
        "revision" : "6e9344a2d632b801d94fe3bbd1d891817e032103",
        "version" : "0.3.5"
      }
    },
    {
      "identity" : "xctruntimeassertions",
      "kind" : "remoteSourceControl",
      "location" : "https://github.com/StanfordBDHG/XCTRuntimeAssertions.git",
      "state" : {
        "revision" : "51da3403f128b120705571ce61e0fe190f8889e6",
        "version" : "1.0.1"
      }
    }
  ],
  "version" : 3
}
