{
  "pins" : [
    {
      "identity" : "abseil-cpp-binary",
      "kind" : "remoteSourceControl",
      "location" : "https://github.com/google/abseil-cpp-binary.git",
      "state" : {
        "revision" : "a5f16ba68913840ee5df91b8dc06f5cc063579de",
        "version" : "1.2021110200.0"
      }
    },
    {
      "identity" : "cardinalkit",
      "kind" : "remoteSourceControl",
      "location" : "https://github.com/StanfordBDHG/CardinalKit",
      "state" : {
        "revision" : "6162a67a0b821c2be9358bec798d5d3e94cc5783",
        "version" : "0.3.5"
      }
    },
    {
      "identity" : "fhirmodels",
      "kind" : "remoteSourceControl",
      "location" : "https://github.com/apple/FHIRModels",
      "state" : {
        "revision" : "e115442fb3c5d44ffb1dc9b4e039b77fd143ad96",
        "version" : "0.4.0"
      }
    },
    {
      "identity" : "firebase-ios-sdk",
      "kind" : "remoteSourceControl",
      "location" : "https://github.com/firebase/firebase-ios-sdk",
      "state" : {
        "revision" : "ee016a6774edca5ffc50c39855783d1add6ca0fc",
        "version" : "10.8.1"
      }
    },
    {
      "identity" : "googleappmeasurement",
      "kind" : "remoteSourceControl",
      "location" : "https://github.com/google/GoogleAppMeasurement.git",
      "state" : {
        "revision" : "274428b83e063cd518b998555be0ec18abcbe9de",
        "version" : "10.8.0"
      }
    },
    {
      "identity" : "googledatatransport",
      "kind" : "remoteSourceControl",
      "location" : "https://github.com/google/GoogleDataTransport.git",
      "state" : {
        "revision" : "cc7265b8e3906304e6e81f32c1662a94bbae2357",
        "version" : "9.2.2"
      }
    },
    {
      "identity" : "googleutilities",
      "kind" : "remoteSourceControl",
      "location" : "https://github.com/google/GoogleUtilities.git",
      "state" : {
        "revision" : "871d43135925cde39ef7421d8723ce47edfdcc39",
        "version" : "7.11.1"
      }
    },
    {
      "identity" : "grpc-binary",
      "kind" : "remoteSourceControl",
      "location" : "https://github.com/google/grpc-binary.git",
      "state" : {
        "revision" : "df37f6af8a273bc687e3166843ed86007de57d78",
        "version" : "1.44.0"
      }
    },
    {
      "identity" : "gtm-session-fetcher",
      "kind" : "remoteSourceControl",
      "location" : "https://github.com/google/gtm-session-fetcher.git",
      "state" : {
        "revision" : "96d7cc73a71ce950723aa3c50ce4fb275ae180b8",
        "version" : "3.1.0"
      }
    },
    {
      "identity" : "healthkitonfhir",
      "kind" : "remoteSourceControl",
      "location" : "https://github.com/StanfordBDHG/HealthKitOnFHIR",
      "state" : {
        "revision" : "d10f408766264183cd50bb117b99580255520aa3",
        "version" : "0.2.3"
      }
    },
    {
      "identity" : "leveldb",
      "kind" : "remoteSourceControl",
      "location" : "https://github.com/firebase/leveldb.git",
      "state" : {
        "revision" : "0706abcc6b0bd9cedfbb015ba840e4a780b5159b",
        "version" : "1.22.2"
      }
    },
    {
      "identity" : "nanopb",
      "kind" : "remoteSourceControl",
      "location" : "https://github.com/firebase/nanopb.git",
      "state" : {
        "revision" : "819d0a2173aff699fb8c364b6fb906f7cdb1a692",
        "version" : "2.30909.0"
      }
    },
    {
      "identity" : "openai",
      "kind" : "remoteSourceControl",
      "location" : "https://github.com/MacPaw/OpenAI.git",
      "state" : {
        "branch" : "main",
        "revision" : "27ac9fa136574d0fa79fa68423f9367ab6167b41"
      }
    },
    {
      "identity" : "promises",
      "kind" : "remoteSourceControl",
      "location" : "https://github.com/google/promises.git",
      "state" : {
        "revision" : "ec957ccddbcc710ccc64c9dcbd4c7006fcf8b73a",
        "version" : "2.2.0"
      }
    },
    {
      "identity" : "researchkit",
      "kind" : "remoteSourceControl",
      "location" : "https://github.com/StanfordBDHG/ResearchKit",
      "state" : {
        "revision" : "3ea06dcc596bd49571ae3353c9c1555776114072",
        "version" : "2.2.9"
      }
    },
    {
      "identity" : "researchkitonfhir",
      "kind" : "remoteSourceControl",
      "location" : "https://github.com/StanfordBDHG/ResearchKitOnFHIR",
      "state" : {
        "revision" : "1bc7a15760916ade4c5058fa798a871e80c2955c",
        "version" : "0.1.6"
      }
    },
    {
      "identity" : "swift-protobuf",
      "kind" : "remoteSourceControl",
      "location" : "https://github.com/apple/swift-protobuf.git",
      "state" : {
        "revision" : "0af9125c4eae12a4973fb66574c53a54962a9e1e",
        "version" : "1.21.0"
      }
    },
    {
      "identity" : "xctestextensions",
      "kind" : "remoteSourceControl",
      "location" : "https://github.com/StanfordBDHG/XCTestExtensions",
      "state" : {
        "revision" : "a96a1680557507a9746bbb0529043b9767c503db",
        "version" : "0.3.0"
      }
    },
    {
      "identity" : "xcthealthkit",
      "kind" : "remoteSourceControl",
      "location" : "https://github.com/StanfordBDHG/XCTHealthKit",
      "state" : {
        "revision" : "19395bbd14a2554e4c9d3fe5cf38aa626c807269",
        "version" : "0.3.3"
      }
    }
  ],
  "version" : 2
}
